
Microsoft Visual Studio Solution File, Format Version 12.00
# Visual Studio Version 17
VisualStudioVersion = 17.0.31903.59
MinimumVisualStudioVersion = 10.0.40219.1
Project("{2150E333-8FDC-42A3-9474-1A3956D46DE8}") = "1 - Application", "1 - Application", "{F89CC7DD-BD6D-4AD6-99F0-6933833435E7}"
EndProject
Project("{D954291E-2A0B-460D-934E-DC6B0785DB48}") = "HeBianGu.App.Above.Share", "..\Source\Application\HeBianGu.App.Above.Share\HeBianGu.App.Above.Share.shproj", "{EBAC0667-7ABD-49D8-90E4-A79B4A99C66A}"
EndProject
Project("{2150E333-8FDC-42A3-9474-1A3956D46DE8}") = "Above", "Above", "{95E4686E-844A-4956-B550-296517D33DA5}"
EndProject
Project("{2150E333-8FDC-42A3-9474-1A3956D46DE8}") = "Blur", "Blur", "{6FE91A5A-43B0-49B2-9DB8-8B32E646A8E3}"
EndProject
Project("{D954291E-2A0B-460D-934E-DC6B0785DB48}") = "HeBianGu.App.Blur.Share", "..\Source\Application\HeBianGu.App.Blur.Share\HeBianGu.App.Blur.Share.shproj", "{53C01AE0-35DB-4F5E-A33D-4A4A4BD5277E}"
EndProject
Project("{D954291E-2A0B-460D-934E-DC6B0785DB48}") = "HeBianGu.App.Chart.Share", "..\Source\Application\HeBianGu.App.Chart.Share\HeBianGu.App.Chart.Share.shproj", "{C690CCB1-DCAB-4AEC-BF26-20A5DF03540F}"
EndProject
Project("{D954291E-2A0B-460D-934E-DC6B0785DB48}") = "HeBianGu.App.Disk.Share", "..\Source\Application\HeBianGu.App.Disk.Share\HeBianGu.App.Disk.Share.shproj", "{545A55F2-B461-4A2E-9450-197A0688EF74}"
EndProject
Project("{D954291E-2A0B-460D-934E-DC6B0785DB48}") = "HeBianGu.App.Manager.Share", "..\Source\Application\HeBianGu.App.Manager.Share\HeBianGu.App.Manager.Share.shproj", "{249DAFBF-CBE2-4013-A545-13C23A4E22FE}"
EndProject
Project("{D954291E-2A0B-460D-934E-DC6B0785DB48}") = "HeBianGu.App.Menu.Share", "..\Source\Application\HeBianGu.App.Menu.Share\HeBianGu.App.Menu.Share.shproj", "{A854B7E9-8FE1-4428-AD6D-188E2CF99808}"
EndProject
Project("{D954291E-2A0B-460D-934E-DC6B0785DB48}") = "HeBianGu.App.Office.Share", "..\Source\Application\HeBianGu.App.Office.Share\HeBianGu.App.Office.Share.shproj", "{55D8103D-F6BD-46AF-93B5-70E54D3E4955}"
EndProject
Project("{D954291E-2A0B-460D-934E-DC6B0785DB48}") = "HeBianGu.App.Repository.Share", "..\Source\Application\HeBianGu.App.Repository.Share\HeBianGu.App.Repository.Share.shproj", "{95224190-7803-4D4E-9012-4B5D5FDC2CAF}"
EndProject
Project("{D954291E-2A0B-460D-934E-DC6B0785DB48}") = "HeBianGu.App.Scene.Share", "..\Source\Application\HeBianGu.App.Scene.Share\HeBianGu.App.Scene.Share.shproj", "{A38B5EB0-5F29-4E16-BD3A-2180FDE62CD2}"
EndProject
Project("{D954291E-2A0B-460D-934E-DC6B0785DB48}") = "HeBianGu.App.Tool.Share", "..\Source\Application\HeBianGu.App.Tool.Share\HeBianGu.App.Tool.Share.shproj", "{A16D7B0F-7939-46BF-ACE2-B5921071FEEE}"
EndProject
Project("{D954291E-2A0B-460D-934E-DC6B0785DB48}") = "HeBianGu.App.Touch.Share", "..\Source\Application\HeBianGu.App.Touch.Share\HeBianGu.App.Touch.Share.shproj", "{9120427F-F2BD-413B-8E51-C20921B3A5C0}"
EndProject
Project("{2150E333-8FDC-42A3-9474-1A3956D46DE8}") = "Chart", "Chart", "{E9E45549-5FE1-4699-B5EF-BEE34AB5D7EF}"
EndProject
Project("{2150E333-8FDC-42A3-9474-1A3956D46DE8}") = "Disk", "Disk", "{490FC26F-0030-400B-81DD-C9607FF2980B}"
EndProject
Project("{2150E333-8FDC-42A3-9474-1A3956D46DE8}") = "Manager", "Manager", "{406C971C-E634-4AD8-B0B5-14888E770C60}"
EndProject
Project("{2150E333-8FDC-42A3-9474-1A3956D46DE8}") = "Menu", "Menu", "{A49984F5-BD41-40F8-AB8D-632F7159D7A5}"
EndProject
Project("{2150E333-8FDC-42A3-9474-1A3956D46DE8}") = "Office", "Office", "{47D16BF7-FF51-4D36-A0F1-1443CCB9B1DF}"
EndProject
Project("{2150E333-8FDC-42A3-9474-1A3956D46DE8}") = "Repository", "Repository", "{3A37F21C-76B2-4521-8523-70F46FA0F22F}"
EndProject
Project("{2150E333-8FDC-42A3-9474-1A3956D46DE8}") = "Scene", "Scene", "{C5D92257-C66B-40DE-B667-62674773EF8B}"
EndProject
Project("{2150E333-8FDC-42A3-9474-1A3956D46DE8}") = "Tool", "Tool", "{30987DDD-C502-40D1-8E3F-4B10F9198F4B}"
EndProject
Project("{2150E333-8FDC-42A3-9474-1A3956D46DE8}") = "Touch", "Touch", "{2A65DF78-6732-4B7A-B97C-FDFEAC7A1E8F}"
EndProject
Project("{2150E333-8FDC-42A3-9474-1A3956D46DE8}") = "Map", "Map", "{BAFA4C15-D733-46BD-B637-96C4125EBEBE}"
EndProject
Project("{D954291E-2A0B-460D-934E-DC6B0785DB48}") = "HeBianGu.App.Map.Share", "..\Source\Application\HeBianGu.App.Map.Share\HeBianGu.App.Map.Share.shproj", "{47F376B3-0B65-4043-A11B-9ECEDD2F37CB}"
EndProject
Project("{2150E333-8FDC-42A3-9474-1A3956D46DE8}") = "DownLoad", "DownLoad", "{4EBAFF3C-09CA-4032-AFCD-117E9B28691C}"
EndProject
Project("{2150E333-8FDC-42A3-9474-1A3956D46DE8}") = "Screen", "Screen", "{ADCB4AC8-66A7-4887-A0F8-177FA5D9EF8E}"
EndProject
Project("{D954291E-2A0B-460D-934E-DC6B0785DB48}") = "HeBianGu.App.DownLoad.Share", "..\Source\Application\HeBianGu.App.DownLoad.Share\HeBianGu.App.DownLoad.Share.shproj", "{AFE51549-7FA4-4A33-B0AB-F13354D0B5B4}"
EndProject
Project("{D954291E-2A0B-460D-934E-DC6B0785DB48}") = "HeBianGu.App.Screen.Share", "..\Source\Application\HeBianGu.App.Screen.Share\HeBianGu.App.Screen.Share.shproj", "{5ED83FB8-12A3-4093-B474-54E7CD55E5ED}"
EndProject
Project("{2150E333-8FDC-42A3-9474-1A3956D46DE8}") = "Media", "Media", "{29774784-CD80-4CD8-8B71-E5B837E92358}"
EndProject
Project("{FAE04EC0-301F-11D3-BF4B-00C04F79EFBC}") = "HeBianGu.App.Above", "..\Source\ApplicationNuget\HeBianGu.App.Above\HeBianGu.App.Above.csproj", "{0A96004E-40CE-453E-ABF0-472072B97A5E}"
EndProject
Project("{FAE04EC0-301F-11D3-BF4B-00C04F79EFBC}") = "HeBianGu.App.Blur", "..\Source\ApplicationNuget\HeBianGu.App.Blur\HeBianGu.App.Blur.csproj", "{FF915EE0-719C-44ED-9101-ECAD0F85D1DD}"
EndProject
Project("{FAE04EC0-301F-11D3-BF4B-00C04F79EFBC}") = "HeBianGu.App.Chart", "..\Source\ApplicationNuget\HeBianGu.App.Chart\HeBianGu.App.Chart.csproj", "{E01739D3-553D-49EA-AC60-804C108EB3D1}"
EndProject
Project("{FAE04EC0-301F-11D3-BF4B-00C04F79EFBC}") = "HeBianGu.App.Disk", "..\Source\ApplicationNuget\HeBianGu.App.Disk\HeBianGu.App.Disk.csproj", "{5544FA44-DCCE-4E3E-81C5-CFE66FF6C78B}"
EndProject
Project("{9A19103F-16F7-4668-BE54-9A1E7A4F7556}") = "HeBianGu.App.DownLoad", "..\Source\ApplicationNuget\HeBianGu.App.DownLoad\HeBianGu.App.DownLoad.csproj", "{C17AE82F-9D9D-4AE1-8881-796A4FDA87C0}"
EndProject
Project("{FAE04EC0-301F-11D3-BF4B-00C04F79EFBC}") = "HeBianGu.App.Manager", "..\Source\ApplicationNuget\HeBianGu.App.Manager\HeBianGu.App.Manager.csproj", "{BDE0A926-86E5-46DD-96EC-CC8E78EB1D9C}"
EndProject
Project("{FAE04EC0-301F-11D3-BF4B-00C04F79EFBC}") = "HeBianGu.App.Map", "..\Source\ApplicationNuget\HeBianGu.App.Map\HeBianGu.App.Map.csproj", "{55F86F1D-2A2D-4F6F-B7B9-08B7ABCCE17D}"
EndProject
Project("{9A19103F-16F7-4668-BE54-9A1E7A4F7556}") = "HeBianGu.App.Media", "..\Source\ApplicationNuget\HeBianGu.App.Media\HeBianGu.App.Media.csproj", "{6C07C47E-55FD-46E2-B0C7-8007D3AFD95D}"
EndProject
Project("{FAE04EC0-301F-11D3-BF4B-00C04F79EFBC}") = "HeBianGu.App.Menu", "..\Source\ApplicationNuget\HeBianGu.App.Menu\HeBianGu.App.Menu.csproj", "{7C34FDC6-2D88-4B62-AD62-AD72C1D01312}"
EndProject
Project("{FAE04EC0-301F-11D3-BF4B-00C04F79EFBC}") = "HeBianGu.App.Office", "..\Source\ApplicationNuget\HeBianGu.App.Office\HeBianGu.App.Office.csproj", "{9D5F3001-F61A-4358-A40B-111EE46B5304}"
EndProject
Project("{FAE04EC0-301F-11D3-BF4B-00C04F79EFBC}") = "HeBianGu.App.Repository", "..\Source\ApplicationNuget\HeBianGu.App.Repository\HeBianGu.App.Repository.csproj", "{850B62EC-43B2-4E3A-95FB-013D82CEDDB6}"
EndProject
Project("{FAE04EC0-301F-11D3-BF4B-00C04F79EFBC}") = "HeBianGu.App.Scene", "..\Source\ApplicationNuget\HeBianGu.App.Scene\HeBianGu.App.Scene.csproj", "{29984796-34EB-440A-9261-A8DFDC4058E2}"
EndProject
Project("{FAE04EC0-301F-11D3-BF4B-00C04F79EFBC}") = "HeBianGu.App.Tool", "..\Source\ApplicationNuget\HeBianGu.App.Tool\HeBianGu.App.Tool.csproj", "{BAD2CF42-C596-432E-BE8A-686F0EC4FC37}"
EndProject
Project("{FAE04EC0-301F-11D3-BF4B-00C04F79EFBC}") = "HeBianGu.App.Touch", "..\Source\ApplicationNuget\HeBianGu.App.Touch\HeBianGu.App.Touch.csproj", "{8C203E8C-390F-4C01-B767-F0B679D1D2A8}"
EndProject
Project("{FAE04EC0-301F-11D3-BF4B-00C04F79EFBC}") = "HeBianGu.App.Screen", "..\Source\ApplicationNuget\HeBianGu.App.Screen\HeBianGu.App.Screen.csproj", "{371F5C99-D1DB-40A8-825E-8B3D285F8954}"
EndProject
Project("{D954291E-2A0B-460D-934E-DC6B0785DB48}") = "HeBianGu.App.Media.Share", "..\Source\Application\HeBianGu.App.Media.Share\HeBianGu.App.Media.Share.shproj", "{CCCA301B-0352-4611-A631-5523280BDA6A}"
EndProject
Global
	GlobalSection(SolutionConfigurationPlatforms) = preSolution
		Debug|Any CPU = Debug|Any CPU
		Debug|x86 = Debug|x86
		Release|Any CPU = Release|Any CPU
		Release|x86 = Release|x86
	EndGlobalSection
	GlobalSection(ProjectConfigurationPlatforms) = postSolution
		{0A96004E-40CE-453E-ABF0-472072B97A5E}.Debug|Any CPU.ActiveCfg = Debug|Any CPU
		{0A96004E-40CE-453E-ABF0-472072B97A5E}.Debug|Any CPU.Build.0 = Debug|Any CPU
		{0A96004E-40CE-453E-ABF0-472072B97A5E}.Debug|x86.ActiveCfg = Debug|Any CPU
		{0A96004E-40CE-453E-ABF0-472072B97A5E}.Debug|x86.Build.0 = Debug|Any CPU
		{0A96004E-40CE-453E-ABF0-472072B97A5E}.Release|Any CPU.ActiveCfg = Release|Any CPU
		{0A96004E-40CE-453E-ABF0-472072B97A5E}.Release|Any CPU.Build.0 = Release|Any CPU
		{0A96004E-40CE-453E-ABF0-472072B97A5E}.Release|x86.ActiveCfg = Release|Any CPU
		{0A96004E-40CE-453E-ABF0-472072B97A5E}.Release|x86.Build.0 = Release|Any CPU
		{FF915EE0-719C-44ED-9101-ECAD0F85D1DD}.Debug|Any CPU.ActiveCfg = Debug|Any CPU
		{FF915EE0-719C-44ED-9101-ECAD0F85D1DD}.Debug|Any CPU.Build.0 = Debug|Any CPU
		{FF915EE0-719C-44ED-9101-ECAD0F85D1DD}.Debug|x86.ActiveCfg = Debug|Any CPU
		{FF915EE0-719C-44ED-9101-ECAD0F85D1DD}.Debug|x86.Build.0 = Debug|Any CPU
		{FF915EE0-719C-44ED-9101-ECAD0F85D1DD}.Release|Any CPU.ActiveCfg = Release|Any CPU
		{FF915EE0-719C-44ED-9101-ECAD0F85D1DD}.Release|Any CPU.Build.0 = Release|Any CPU
		{FF915EE0-719C-44ED-9101-ECAD0F85D1DD}.Release|x86.ActiveCfg = Release|Any CPU
		{FF915EE0-719C-44ED-9101-ECAD0F85D1DD}.Release|x86.Build.0 = Release|Any CPU
		{E01739D3-553D-49EA-AC60-804C108EB3D1}.Debug|Any CPU.ActiveCfg = Debug|Any CPU
		{E01739D3-553D-49EA-AC60-804C108EB3D1}.Debug|Any CPU.Build.0 = Debug|Any CPU
		{E01739D3-553D-49EA-AC60-804C108EB3D1}.Debug|x86.ActiveCfg = Debug|Any CPU
		{E01739D3-553D-49EA-AC60-804C108EB3D1}.Debug|x86.Build.0 = Debug|Any CPU
		{E01739D3-553D-49EA-AC60-804C108EB3D1}.Release|Any CPU.ActiveCfg = Release|Any CPU
		{E01739D3-553D-49EA-AC60-804C108EB3D1}.Release|Any CPU.Build.0 = Release|Any CPU
		{E01739D3-553D-49EA-AC60-804C108EB3D1}.Release|x86.ActiveCfg = Release|Any CPU
		{E01739D3-553D-49EA-AC60-804C108EB3D1}.Release|x86.Build.0 = Release|Any CPU
		{5544FA44-DCCE-4E3E-81C5-CFE66FF6C78B}.Debug|Any CPU.ActiveCfg = Debug|Any CPU
		{5544FA44-DCCE-4E3E-81C5-CFE66FF6C78B}.Debug|Any CPU.Build.0 = Debug|Any CPU
		{5544FA44-DCCE-4E3E-81C5-CFE66FF6C78B}.Debug|x86.ActiveCfg = Debug|Any CPU
		{5544FA44-DCCE-4E3E-81C5-CFE66FF6C78B}.Debug|x86.Build.0 = Debug|Any CPU
		{5544FA44-DCCE-4E3E-81C5-CFE66FF6C78B}.Release|Any CPU.ActiveCfg = Release|Any CPU
		{5544FA44-DCCE-4E3E-81C5-CFE66FF6C78B}.Release|Any CPU.Build.0 = Release|Any CPU
		{5544FA44-DCCE-4E3E-81C5-CFE66FF6C78B}.Release|x86.ActiveCfg = Release|Any CPU
		{5544FA44-DCCE-4E3E-81C5-CFE66FF6C78B}.Release|x86.Build.0 = Release|Any CPU
		{C17AE82F-9D9D-4AE1-8881-796A4FDA87C0}.Debug|Any CPU.ActiveCfg = Debug|Any CPU
		{C17AE82F-9D9D-4AE1-8881-796A4FDA87C0}.Debug|Any CPU.Build.0 = Debug|Any CPU
		{C17AE82F-9D9D-4AE1-8881-796A4FDA87C0}.Debug|x86.ActiveCfg = Debug|Any CPU
		{C17AE82F-9D9D-4AE1-8881-796A4FDA87C0}.Debug|x86.Build.0 = Debug|Any CPU
		{C17AE82F-9D9D-4AE1-8881-796A4FDA87C0}.Release|Any CPU.ActiveCfg = Release|Any CPU
		{C17AE82F-9D9D-4AE1-8881-796A4FDA87C0}.Release|Any CPU.Build.0 = Release|Any CPU
		{C17AE82F-9D9D-4AE1-8881-796A4FDA87C0}.Release|x86.ActiveCfg = Release|Any CPU
		{C17AE82F-9D9D-4AE1-8881-796A4FDA87C0}.Release|x86.Build.0 = Release|Any CPU
		{BDE0A926-86E5-46DD-96EC-CC8E78EB1D9C}.Debug|Any CPU.ActiveCfg = Debug|Any CPU
		{BDE0A926-86E5-46DD-96EC-CC8E78EB1D9C}.Debug|Any CPU.Build.0 = Debug|Any CPU
		{BDE0A926-86E5-46DD-96EC-CC8E78EB1D9C}.Debug|x86.ActiveCfg = Debug|Any CPU
		{BDE0A926-86E5-46DD-96EC-CC8E78EB1D9C}.Debug|x86.Build.0 = Debug|Any CPU
		{BDE0A926-86E5-46DD-96EC-CC8E78EB1D9C}.Release|Any CPU.ActiveCfg = Release|Any CPU
		{BDE0A926-86E5-46DD-96EC-CC8E78EB1D9C}.Release|Any CPU.Build.0 = Release|Any CPU
		{BDE0A926-86E5-46DD-96EC-CC8E78EB1D9C}.Release|x86.ActiveCfg = Release|Any CPU
		{BDE0A926-86E5-46DD-96EC-CC8E78EB1D9C}.Release|x86.Build.0 = Release|Any CPU
		{55F86F1D-2A2D-4F6F-B7B9-08B7ABCCE17D}.Debug|Any CPU.ActiveCfg = Debug|Any CPU
		{55F86F1D-2A2D-4F6F-B7B9-08B7ABCCE17D}.Debug|Any CPU.Build.0 = Debug|Any CPU
		{55F86F1D-2A2D-4F6F-B7B9-08B7ABCCE17D}.Debug|x86.ActiveCfg = Debug|Any CPU
		{55F86F1D-2A2D-4F6F-B7B9-08B7ABCCE17D}.Debug|x86.Build.0 = Debug|Any CPU
		{55F86F1D-2A2D-4F6F-B7B9-08B7ABCCE17D}.Release|Any CPU.ActiveCfg = Release|Any CPU
		{55F86F1D-2A2D-4F6F-B7B9-08B7ABCCE17D}.Release|Any CPU.Build.0 = Release|Any CPU
		{55F86F1D-2A2D-4F6F-B7B9-08B7ABCCE17D}.Release|x86.ActiveCfg = Release|Any CPU
		{55F86F1D-2A2D-4F6F-B7B9-08B7ABCCE17D}.Release|x86.Build.0 = Release|Any CPU
		{6C07C47E-55FD-46E2-B0C7-8007D3AFD95D}.Debug|Any CPU.ActiveCfg = Debug|Any CPU
		{6C07C47E-55FD-46E2-B0C7-8007D3AFD95D}.Debug|Any CPU.Build.0 = Debug|Any CPU
		{6C07C47E-55FD-46E2-B0C7-8007D3AFD95D}.Debug|x86.ActiveCfg = Debug|Any CPU
		{6C07C47E-55FD-46E2-B0C7-8007D3AFD95D}.Debug|x86.Build.0 = Debug|Any CPU
		{6C07C47E-55FD-46E2-B0C7-8007D3AFD95D}.Release|Any CPU.ActiveCfg = Release|Any CPU
		{6C07C47E-55FD-46E2-B0C7-8007D3AFD95D}.Release|Any CPU.Build.0 = Release|Any CPU
		{6C07C47E-55FD-46E2-B0C7-8007D3AFD95D}.Release|x86.ActiveCfg = Release|Any CPU
		{6C07C47E-55FD-46E2-B0C7-8007D3AFD95D}.Release|x86.Build.0 = Release|Any CPU
		{7C34FDC6-2D88-4B62-AD62-AD72C1D01312}.Debug|Any CPU.ActiveCfg = Debug|Any CPU
		{7C34FDC6-2D88-4B62-AD62-AD72C1D01312}.Debug|Any CPU.Build.0 = Debug|Any CPU
		{7C34FDC6-2D88-4B62-AD62-AD72C1D01312}.Debug|x86.ActiveCfg = Debug|Any CPU
		{7C34FDC6-2D88-4B62-AD62-AD72C1D01312}.Debug|x86.Build.0 = Debug|Any CPU
		{7C34FDC6-2D88-4B62-AD62-AD72C1D01312}.Release|Any CPU.ActiveCfg = Release|Any CPU
		{7C34FDC6-2D88-4B62-AD62-AD72C1D01312}.Release|Any CPU.Build.0 = Release|Any CPU
		{7C34FDC6-2D88-4B62-AD62-AD72C1D01312}.Release|x86.ActiveCfg = Release|Any CPU
		{7C34FDC6-2D88-4B62-AD62-AD72C1D01312}.Release|x86.Build.0 = Release|Any CPU
		{9D5F3001-F61A-4358-A40B-111EE46B5304}.Debug|Any CPU.ActiveCfg = Debug|Any CPU
		{9D5F3001-F61A-4358-A40B-111EE46B5304}.Debug|Any CPU.Build.0 = Debug|Any CPU
		{9D5F3001-F61A-4358-A40B-111EE46B5304}.Debug|x86.ActiveCfg = Debug|Any CPU
		{9D5F3001-F61A-4358-A40B-111EE46B5304}.Debug|x86.Build.0 = Debug|Any CPU
		{9D5F3001-F61A-4358-A40B-111EE46B5304}.Release|Any CPU.ActiveCfg = Release|Any CPU
		{9D5F3001-F61A-4358-A40B-111EE46B5304}.Release|Any CPU.Build.0 = Release|Any CPU
		{9D5F3001-F61A-4358-A40B-111EE46B5304}.Release|x86.ActiveCfg = Release|Any CPU
		{9D5F3001-F61A-4358-A40B-111EE46B5304}.Release|x86.Build.0 = Release|Any CPU
		{850B62EC-43B2-4E3A-95FB-013D82CEDDB6}.Debug|Any CPU.ActiveCfg = Debug|Any CPU
		{850B62EC-43B2-4E3A-95FB-013D82CEDDB6}.Debug|Any CPU.Build.0 = Debug|Any CPU
		{850B62EC-43B2-4E3A-95FB-013D82CEDDB6}.Debug|x86.ActiveCfg = Debug|Any CPU
		{850B62EC-43B2-4E3A-95FB-013D82CEDDB6}.Debug|x86.Build.0 = Debug|Any CPU
		{850B62EC-43B2-4E3A-95FB-013D82CEDDB6}.Release|Any CPU.ActiveCfg = Release|Any CPU
		{850B62EC-43B2-4E3A-95FB-013D82CEDDB6}.Release|Any CPU.Build.0 = Release|Any CPU
		{850B62EC-43B2-4E3A-95FB-013D82CEDDB6}.Release|x86.ActiveCfg = Release|Any CPU
		{850B62EC-43B2-4E3A-95FB-013D82CEDDB6}.Release|x86.Build.0 = Release|Any CPU
		{29984796-34EB-440A-9261-A8DFDC4058E2}.Debug|Any CPU.ActiveCfg = Debug|Any CPU
		{29984796-34EB-440A-9261-A8DFDC4058E2}.Debug|Any CPU.Build.0 = Debug|Any CPU
		{29984796-34EB-440A-9261-A8DFDC4058E2}.Debug|x86.ActiveCfg = Debug|Any CPU
		{29984796-34EB-440A-9261-A8DFDC4058E2}.Debug|x86.Build.0 = Debug|Any CPU
		{29984796-34EB-440A-9261-A8DFDC4058E2}.Release|Any CPU.ActiveCfg = Release|Any CPU
		{29984796-34EB-440A-9261-A8DFDC4058E2}.Release|Any CPU.Build.0 = Release|Any CPU
		{29984796-34EB-440A-9261-A8DFDC4058E2}.Release|x86.ActiveCfg = Release|Any CPU
		{29984796-34EB-440A-9261-A8DFDC4058E2}.Release|x86.Build.0 = Release|Any CPU
		{BAD2CF42-C596-432E-BE8A-686F0EC4FC37}.Debug|Any CPU.ActiveCfg = Debug|Any CPU
		{BAD2CF42-C596-432E-BE8A-686F0EC4FC37}.Debug|Any CPU.Build.0 = Debug|Any CPU
		{BAD2CF42-C596-432E-BE8A-686F0EC4FC37}.Debug|x86.ActiveCfg = Debug|Any CPU
		{BAD2CF42-C596-432E-BE8A-686F0EC4FC37}.Debug|x86.Build.0 = Debug|Any CPU
		{BAD2CF42-C596-432E-BE8A-686F0EC4FC37}.Release|Any CPU.ActiveCfg = Release|Any CPU
		{BAD2CF42-C596-432E-BE8A-686F0EC4FC37}.Release|Any CPU.Build.0 = Release|Any CPU
		{BAD2CF42-C596-432E-BE8A-686F0EC4FC37}.Release|x86.ActiveCfg = Release|Any CPU
		{BAD2CF42-C596-432E-BE8A-686F0EC4FC37}.Release|x86.Build.0 = Release|Any CPU
		{8C203E8C-390F-4C01-B767-F0B679D1D2A8}.Debug|Any CPU.ActiveCfg = Debug|Any CPU
		{8C203E8C-390F-4C01-B767-F0B679D1D2A8}.Debug|Any CPU.Build.0 = Debug|Any CPU
		{8C203E8C-390F-4C01-B767-F0B679D1D2A8}.Debug|x86.ActiveCfg = Debug|x86
		{8C203E8C-390F-4C01-B767-F0B679D1D2A8}.Debug|x86.Build.0 = Debug|x86
		{8C203E8C-390F-4C01-B767-F0B679D1D2A8}.Release|Any CPU.ActiveCfg = Release|Any CPU
		{8C203E8C-390F-4C01-B767-F0B679D1D2A8}.Release|Any CPU.Build.0 = Release|Any CPU
		{8C203E8C-390F-4C01-B767-F0B679D1D2A8}.Release|x86.ActiveCfg = Release|x86
		{8C203E8C-390F-4C01-B767-F0B679D1D2A8}.Release|x86.Build.0 = Release|x86
		{371F5C99-D1DB-40A8-825E-8B3D285F8954}.Debug|Any CPU.ActiveCfg = Debug|Any CPU
		{371F5C99-D1DB-40A8-825E-8B3D285F8954}.Debug|Any CPU.Build.0 = Debug|Any CPU
		{371F5C99-D1DB-40A8-825E-8B3D285F8954}.Debug|x86.ActiveCfg = Debug|Any CPU
		{371F5C99-D1DB-40A8-825E-8B3D285F8954}.Debug|x86.Build.0 = Debug|Any CPU
		{371F5C99-D1DB-40A8-825E-8B3D285F8954}.Release|Any CPU.ActiveCfg = Release|Any CPU
		{371F5C99-D1DB-40A8-825E-8B3D285F8954}.Release|Any CPU.Build.0 = Release|Any CPU
		{371F5C99-D1DB-40A8-825E-8B3D285F8954}.Release|x86.ActiveCfg = Release|Any CPU
		{371F5C99-D1DB-40A8-825E-8B3D285F8954}.Release|x86.Build.0 = Release|Any CPU
	EndGlobalSection
	GlobalSection(SolutionProperties) = preSolution
		HideSolutionNode = FALSE
	EndGlobalSection
	GlobalSection(NestedProjects) = preSolution
		{EBAC0667-7ABD-49D8-90E4-A79B4A99C66A} = {95E4686E-844A-4956-B550-296517D33DA5}
		{95E4686E-844A-4956-B550-296517D33DA5} = {F89CC7DD-BD6D-4AD6-99F0-6933833435E7}
		{6FE91A5A-43B0-49B2-9DB8-8B32E646A8E3} = {F89CC7DD-BD6D-4AD6-99F0-6933833435E7}
		{53C01AE0-35DB-4F5E-A33D-4A4A4BD5277E} = {6FE91A5A-43B0-49B2-9DB8-8B32E646A8E3}
		{C690CCB1-DCAB-4AEC-BF26-20A5DF03540F} = {E9E45549-5FE1-4699-B5EF-BEE34AB5D7EF}
		{545A55F2-B461-4A2E-9450-197A0688EF74} = {490FC26F-0030-400B-81DD-C9607FF2980B}
		{249DAFBF-CBE2-4013-A545-13C23A4E22FE} = {406C971C-E634-4AD8-B0B5-14888E770C60}
		{A854B7E9-8FE1-4428-AD6D-188E2CF99808} = {A49984F5-BD41-40F8-AB8D-632F7159D7A5}
		{55D8103D-F6BD-46AF-93B5-70E54D3E4955} = {47D16BF7-FF51-4D36-A0F1-1443CCB9B1DF}
		{95224190-7803-4D4E-9012-4B5D5FDC2CAF} = {3A37F21C-76B2-4521-8523-70F46FA0F22F}
		{A38B5EB0-5F29-4E16-BD3A-2180FDE62CD2} = {C5D92257-C66B-40DE-B667-62674773EF8B}
		{A16D7B0F-7939-46BF-ACE2-B5921071FEEE} = {30987DDD-C502-40D1-8E3F-4B10F9198F4B}
		{9120427F-F2BD-413B-8E51-C20921B3A5C0} = {2A65DF78-6732-4B7A-B97C-FDFEAC7A1E8F}
		{E9E45549-5FE1-4699-B5EF-BEE34AB5D7EF} = {F89CC7DD-BD6D-4AD6-99F0-6933833435E7}
		{490FC26F-0030-400B-81DD-C9607FF2980B} = {F89CC7DD-BD6D-4AD6-99F0-6933833435E7}
		{406C971C-E634-4AD8-B0B5-14888E770C60} = {F89CC7DD-BD6D-4AD6-99F0-6933833435E7}
		{A49984F5-BD41-40F8-AB8D-632F7159D7A5} = {F89CC7DD-BD6D-4AD6-99F0-6933833435E7}
		{47D16BF7-FF51-4D36-A0F1-1443CCB9B1DF} = {F89CC7DD-BD6D-4AD6-99F0-6933833435E7}
		{3A37F21C-76B2-4521-8523-70F46FA0F22F} = {F89CC7DD-BD6D-4AD6-99F0-6933833435E7}
		{C5D92257-C66B-40DE-B667-62674773EF8B} = {F89CC7DD-BD6D-4AD6-99F0-6933833435E7}
		{30987DDD-C502-40D1-8E3F-4B10F9198F4B} = {F89CC7DD-BD6D-4AD6-99F0-6933833435E7}
		{2A65DF78-6732-4B7A-B97C-FDFEAC7A1E8F} = {F89CC7DD-BD6D-4AD6-99F0-6933833435E7}
		{BAFA4C15-D733-46BD-B637-96C4125EBEBE} = {F89CC7DD-BD6D-4AD6-99F0-6933833435E7}
		{47F376B3-0B65-4043-A11B-9ECEDD2F37CB} = {BAFA4C15-D733-46BD-B637-96C4125EBEBE}
		{4EBAFF3C-09CA-4032-AFCD-117E9B28691C} = {F89CC7DD-BD6D-4AD6-99F0-6933833435E7}
		{ADCB4AC8-66A7-4887-A0F8-177FA5D9EF8E} = {F89CC7DD-BD6D-4AD6-99F0-6933833435E7}
		{AFE51549-7FA4-4A33-B0AB-F13354D0B5B4} = {4EBAFF3C-09CA-4032-AFCD-117E9B28691C}
		{5ED83FB8-12A3-4093-B474-54E7CD55E5ED} = {ADCB4AC8-66A7-4887-A0F8-177FA5D9EF8E}
		{29774784-CD80-4CD8-8B71-E5B837E92358} = {F89CC7DD-BD6D-4AD6-99F0-6933833435E7}
		{0A96004E-40CE-453E-ABF0-472072B97A5E} = {95E4686E-844A-4956-B550-296517D33DA5}
		{FF915EE0-719C-44ED-9101-ECAD0F85D1DD} = {6FE91A5A-43B0-49B2-9DB8-8B32E646A8E3}
		{E01739D3-553D-49EA-AC60-804C108EB3D1} = {E9E45549-5FE1-4699-B5EF-BEE34AB5D7EF}
		{5544FA44-DCCE-4E3E-81C5-CFE66FF6C78B} = {490FC26F-0030-400B-81DD-C9607FF2980B}
		{C17AE82F-9D9D-4AE1-8881-796A4FDA87C0} = {4EBAFF3C-09CA-4032-AFCD-117E9B28691C}
		{BDE0A926-86E5-46DD-96EC-CC8E78EB1D9C} = {406C971C-E634-4AD8-B0B5-14888E770C60}
		{55F86F1D-2A2D-4F6F-B7B9-08B7ABCCE17D} = {BAFA4C15-D733-46BD-B637-96C4125EBEBE}
		{6C07C47E-55FD-46E2-B0C7-8007D3AFD95D} = {29774784-CD80-4CD8-8B71-E5B837E92358}
		{7C34FDC6-2D88-4B62-AD62-AD72C1D01312} = {A49984F5-BD41-40F8-AB8D-632F7159D7A5}
		{9D5F3001-F61A-4358-A40B-111EE46B5304} = {47D16BF7-FF51-4D36-A0F1-1443CCB9B1DF}
		{850B62EC-43B2-4E3A-95FB-013D82CEDDB6} = {3A37F21C-76B2-4521-8523-70F46FA0F22F}
		{29984796-34EB-440A-9261-A8DFDC4058E2} = {C5D92257-C66B-40DE-B667-62674773EF8B}
		{BAD2CF42-C596-432E-BE8A-686F0EC4FC37} = {30987DDD-C502-40D1-8E3F-4B10F9198F4B}
		{8C203E8C-390F-4C01-B767-F0B679D1D2A8} = {2A65DF78-6732-4B7A-B97C-FDFEAC7A1E8F}
		{371F5C99-D1DB-40A8-825E-8B3D285F8954} = {ADCB4AC8-66A7-4887-A0F8-177FA5D9EF8E}
		{CCCA301B-0352-4611-A631-5523280BDA6A} = {29774784-CD80-4CD8-8B71-E5B837E92358}
	EndGlobalSection
	GlobalSection(ExtensibilityGlobals) = postSolution
		SolutionGuid = {3AFA651F-BC04-4393-B7B1-9B92532583D5}
	EndGlobalSection
	GlobalSection(SharedMSBuildProjectFiles) = preSolution
		..\Source\Application\HeBianGu.App.Above.Share\HeBianGu.App.Above.Share.projitems*{0a96004e-40ce-453e-abf0-472072b97a5e}*SharedItemsImports = 4
		..\Source\Application\HeBianGu.App.Manager.Share\HeBianGu.App.Manager.Share.projitems*{249dafbf-cbe2-4013-a545-13c23a4e22fe}*SharedItemsImports = 13
		..\Source\Application\HeBianGu.App.Scene.Share\HeBianGu.App.Scene.Share.projitems*{29984796-34eb-440a-9261-a8dfdc4058e2}*SharedItemsImports = 4
		..\Source\Application\HeBianGu.App.Screen.Share\HeBianGu.App.Screen.Share.projitems*{371f5c99-d1db-40a8-825e-8b3d285f8954}*SharedItemsImports = 4
		..\Source\Application\HeBianGu.App.Map.Share\HeBianGu.App.Map.Share.projitems*{47f376b3-0b65-4043-a11b-9ecedd2f37cb}*SharedItemsImports = 13
		..\Source\Application\HeBianGu.App.Blur.Share\HeBianGu.App.Blur.Share.projitems*{53c01ae0-35db-4f5e-a33d-4a4a4bd5277e}*SharedItemsImports = 13
		..\Source\Application\HeBianGu.App.Disk.Share\HeBianGu.App.Disk.Share.projitems*{545a55f2-b461-4a2e-9450-197a0688ef74}*SharedItemsImports = 13
		..\Source\Application\HeBianGu.App.Disk.Share\HeBianGu.App.Disk.Share.projitems*{5544fa44-dcce-4e3e-81c5-cfe66ff6c78b}*SharedItemsImports = 4
		..\Source\Application\HeBianGu.App.Office.Share\HeBianGu.App.Office.Share.projitems*{55d8103d-f6bd-46af-93b5-70e54d3e4955}*SharedItemsImports = 13
		..\Source\Application\HeBianGu.App.Map.Share\HeBianGu.App.Map.Share.projitems*{55f86f1d-2a2d-4f6f-b7b9-08b7abcce17d}*SharedItemsImports = 4
		..\Source\Application\HeBianGu.App.Screen.Share\HeBianGu.App.Screen.Share.projitems*{5ed83fb8-12a3-4093-b474-54e7cd55e5ed}*SharedItemsImports = 13
		..\Source\Application\HeBianGu.App.Media.Share\HeBianGu.App.Media.Share.projitems*{6c07c47e-55fd-46e2-b0c7-8007d3afd95d}*SharedItemsImports = 5
		..\Source\Application\HeBianGu.App.Menu.Share\HeBianGu.App.Menu.Share.projitems*{7c34fdc6-2d88-4b62-ad62-ad72c1d01312}*SharedItemsImports = 4
		..\Source\Application\HeBianGu.App.Repository.Share\HeBianGu.App.Repository.Share.projitems*{850b62ec-43b2-4e3a-95fb-013d82ceddb6}*SharedItemsImports = 4
		..\Source\Application\HeBianGu.App.Touch.Share\HeBianGu.App.Touch.Share.projitems*{8c203e8c-390f-4c01-b767-f0b679d1d2a8}*SharedItemsImports = 4
		..\Source\Application\HeBianGu.App.Touch.Share\HeBianGu.App.Touch.Share.projitems*{9120427f-f2bd-413b-8e51-c20921b3a5c0}*SharedItemsImports = 13
		..\Source\Application\HeBianGu.App.Repository.Share\HeBianGu.App.Repository.Share.projitems*{95224190-7803-4d4e-9012-4b5d5fdc2caf}*SharedItemsImports = 13
		..\Source\Application\HeBianGu.App.Office.Share\HeBianGu.App.Office.Share.projitems*{9d5f3001-f61a-4358-a40b-111ee46b5304}*SharedItemsImports = 4
		..\Source\Application\HeBianGu.App.Tool.Share\HeBianGu.App.Tool.Share.projitems*{a16d7b0f-7939-46bf-ace2-b5921071feee}*SharedItemsImports = 13
		..\Source\Application\HeBianGu.App.Scene.Share\HeBianGu.App.Scene.Share.projitems*{a38b5eb0-5f29-4e16-bd3a-2180fde62cd2}*SharedItemsImports = 13
		..\Source\Application\HeBianGu.App.Menu.Share\HeBianGu.App.Menu.Share.projitems*{a854b7e9-8fe1-4428-ad6d-188e2cf99808}*SharedItemsImports = 13
		..\Source\Application\HeBianGu.App.DownLoad.Share\HeBianGu.App.DownLoad.Share.projitems*{afe51549-7fa4-4a33-b0ab-f13354d0b5b4}*SharedItemsImports = 13
		..\Source\Application\HeBianGu.App.Tool.Share\HeBianGu.App.Tool.Share.projitems*{bad2cf42-c596-432e-be8a-686f0ec4fc37}*SharedItemsImports = 4
		..\Source\Application\HeBianGu.App.Manager.Share\HeBianGu.App.Manager.Share.projitems*{bde0a926-86e5-46dd-96ec-cc8e78eb1d9c}*SharedItemsImports = 4
		..\Source\Application\HeBianGu.App.DownLoad.Share\HeBianGu.App.DownLoad.Share.projitems*{c17ae82f-9d9d-4ae1-8881-796a4fda87c0}*SharedItemsImports = 5
		..\Source\Application\HeBianGu.App.Chart.Share\HeBianGu.App.Chart.Share.projitems*{c690ccb1-dcab-4aec-bf26-20a5df03540f}*SharedItemsImports = 13
		..\Source\Application\HeBianGu.App.Media.Share\HeBianGu.App.Media.Share.projitems*{ccca301b-0352-4611-a631-5523280bda6a}*SharedItemsImports = 13
		..\Source\Application\HeBianGu.App.Chart.Share\HeBianGu.App.Chart.Share.projitems*{e01739d3-553d-49ea-ac60-804c108eb3d1}*SharedItemsImports = 4
		..\Source\Application\HeBianGu.App.Above.Share\HeBianGu.App.Above.Share.projitems*{ebac0667-7abd-49d8-90e4-a79b4a99c66a}*SharedItemsImports = 13
		..\Source\Application\HeBianGu.App.Blur.Share\HeBianGu.App.Blur.Share.projitems*{ff915ee0-719c-44ed-9101-ecad0f85d1dd}*SharedItemsImports = 4
	EndGlobalSection
EndGlobal
