
Microsoft Visual Studio Solution File, Format Version 12.00
# Visual Studio Version 16
VisualStudioVersion = 16.0.29609.76
MinimumVisualStudioVersion = 10.0.40219.1
Project("{FAE04EC0-301F-11D3-BF4B-00C04F79EFBC}") = "WpfAppBlurWindow", "..\..\Source\VsTemplate\WpfAppBlurWindow\WpfAppBlurWindow.csproj", "{AAFA7775-7853-43C4-A6D6-C7FC399A3EDF}"
EndProject
Global
	GlobalSection(SolutionConfigurationPlatforms) = preSolution
		Debug|Any CPU = Debug|Any CPU
		Release|Any CPU = Release|Any CPU
	EndGlobalSection
	GlobalSection(ProjectConfigurationPlatforms) = postSolution
		{AAFA7775-7853-43C4-A6D6-C7FC399A3EDF}.Debug|Any CPU.ActiveCfg = Debug|Any CPU
		{AAFA7775-7853-43C4-A6D6-C7FC399A3EDF}.Debug|Any CPU.Build.0 = Debug|Any CPU
		{AAFA7775-7853-43C4-A6D6-C7FC399A3EDF}.Release|Any CPU.ActiveCfg = Release|Any CPU
		{AAFA7775-7853-43C4-A6D6-C7FC399A3EDF}.Release|Any CPU.Build.0 = Release|Any CPU
	EndGlobalSection
	GlobalSection(SolutionProperties) = preSolution
		HideSolutionNode = FALSE
	EndGlobalSection
	GlobalSection(ExtensibilityGlobals) = postSolution
		SolutionGuid = {58ACD11C-515B-427A-AEA9-E81DEE7169CB}
	EndGlobalSection
EndGlobal
