
Microsoft Visual Studio Solution File, Format Version 12.00
# Visual Studio Version 16
VisualStudioVersion = 16.0.29324.140
MinimumVisualStudioVersion = 10.0.40219.1
Project("{2150E333-8FDC-42A3-9474-1A3956D46DE8}") = "3 - Base", "3 - Base", "{84BF8210-09B0-4900-8037-F20B45303E02}"
EndProject
Project("{2150E333-8FDC-42A3-9474-1A3956D46DE8}") = "1 - Application", "1 - Application", "{F89CC7DD-BD6D-4AD6-99F0-6933833435E7}"
EndProject
Project("{2150E333-8FDC-42A3-9474-1A3956D46DE8}") = "2 - General", "2 - General", "{589DCE91-7314-4590-BF64-A5A2471A9FB4}"
EndProject
Project("{2150E333-8FDC-42A3-9474-1A3956D46DE8}") = "4 - Package", "4 - Package", "{192E4F31-CF32-404B-9ADE-9CD128A2E4AC}"
EndProject
Project("{9A19103F-16F7-4668-BE54-9A1E7A4F7556}") = "HeBianGu.General.WpfControlLib", "..\..\Source\General\HeBianGu.General.WpfControlLib\HeBianGu.General.WpfControlLib.csproj", "{090F137C-469A-4B92-B589-62302184FDEB}"
EndProject
Project("{9A19103F-16F7-4668-BE54-9A1E7A4F7556}") = "HeBianGu.General.WpfMvc", "..\..\Source\General\HeBianGu.General.WpfMvc\HeBianGu.General.WpfMvc.csproj", "{D0C8FA31-F202-4C8E-A052-4CBB858AF863}"
EndProject
Project("{9A19103F-16F7-4668-BE54-9A1E7A4F7556}") = "HeBianGu.Base.WpfBase", "..\..\Source\Base\HeBianGu.Base.WpfBase\HeBianGu.Base.WpfBase.csproj", "{D35216B4-1702-41EB-8F2A-C3AB43853C8C}"
EndProject
Project("{2150E333-8FDC-42A3-9474-1A3956D46DE8}") = "5 - VsTemplate", "5 - VsTemplate", "{97913D81-3D5C-40ED-8769-294B7987E971}"
EndProject
Project("{FAE04EC0-301F-11D3-BF4B-00C04F79EFBC}") = "WpfAppBlurWindow", "..\..\Source\VsTemplate\WpfAppBlurWindow\WpfAppBlurWindow.csproj", "{805DBDDB-BFB8-4025-8F40-3D7B53B3472A}"
EndProject
Project("{FAE04EC0-301F-11D3-BF4B-00C04F79EFBC}") = "WpfAppLinkWindow", "..\..\Source\VsTemplate\WpfAppLinkWindow\WpfAppLinkWindow.csproj", "{69D07018-3D38-492D-9684-708B5B57F314}"
EndProject
Project("{FAE04EC0-301F-11D3-BF4B-00C04F79EFBC}") = "HeBianGu.Application.BlurWindow", "..\..\Source\Application\HeBianGu.Application.BlurWindow\HeBianGu.Application.BlurWindow.csproj", "{5A7105CE-C300-4F7E-8FF9-2CF47427193D}"
EndProject
Project("{9A19103F-16F7-4668-BE54-9A1E7A4F7556}") = "HeBianGu.Application.LinkWindow", "..\..\Source\Application\HeBianGu.Application.LinkWindow\HeBianGu.Application.LinkWindow.csproj", "{E2C4B0B4-5A88-4587-8B66-EE1B253DB357}"
EndProject
Project("{54435603-DBB4-11D2-8724-00A0C9A8B90C}") = "HeBianGu.Package.LinkWindow", "..\..\Source\Package\HeBianGu.Package.LinkWindow\HeBianGu.Package.LinkWindow.vdproj", "{253AFF0A-2F31-4B08-8AF4-6AD189777F19}"
EndProject
Project("{FAE04EC0-301F-11D3-BF4B-00C04F79EFBC}") = "HeBianGu.Application.TouchWindow", "..\..\Source\Application\HeBianGu.Application.TouchWindow\HeBianGu.Application.TouchWindow.csproj", "{F0CBD29C-E96C-47C7-8430-F6AF21EABCF5}"
EndProject
Project("{D954291E-2A0B-460D-934E-DC6B0785DB48}") = "HeBianGu.Base.WpfBase.Share", "..\..\Source\Base\HeBianGu.Base.WpfBase.Share\HeBianGu.Base.WpfBase.Share.shproj", "{CC48E37C-69CA-4D27-BAF5-9E98B340B8AD}"
EndProject
Project("{D954291E-2A0B-460D-934E-DC6B0785DB48}") = "HeBianGu.General.WpfMvc.Share", "..\..\Source\General\HeBianGu.General.WpfMvc.Share\HeBianGu.General.WpfMvc.Share.shproj", "{04B4C9F4-558B-41A1-805F-429449723E0D}"
EndProject
Project("{D954291E-2A0B-460D-934E-DC6B0785DB48}") = "HeBianGu.General.WpfControlLib.Share", "..\..\Source\General\HeBianGu.General.WpfControlLib.Share\HeBianGu.General.WpfControlLib.Share.shproj", "{27E38A19-F332-42F3-8698-7ECC75222EC3}"
EndProject
Global
	GlobalSection(SharedMSBuildProjectFiles) = preSolution
		..\..\Source\General\HeBianGu.General.WpfMvc.Share\HeBianGu.General.WpfMvc.Share.projitems*{04b4c9f4-558b-41a1-805f-429449723e0d}*SharedItemsImports = 13
		..\..\Source\General\HeBianGu.General.WpfControlLib.Share\HeBianGu.General.WpfControlLib.Share.projitems*{27e38a19-f332-42f3-8698-7ecc75222ec3}*SharedItemsImports = 13
		..\..\Source\Base\HeBianGu.Base.WpfBase.Share\HeBianGu.Base.WpfBase.Share.projitems*{cc48e37c-69ca-4d27-baf5-9e98b340b8ad}*SharedItemsImports = 13
	EndGlobalSection
	GlobalSection(SolutionConfigurationPlatforms) = preSolution
		Debug|Any CPU = Debug|Any CPU
		Debug|x86 = Debug|x86
		Release|Any CPU = Release|Any CPU
		Release|x86 = Release|x86
	EndGlobalSection
	GlobalSection(ProjectConfigurationPlatforms) = postSolution
		{090F137C-469A-4B92-B589-62302184FDEB}.Debug|Any CPU.ActiveCfg = Debug|Any CPU
		{090F137C-469A-4B92-B589-62302184FDEB}.Debug|Any CPU.Build.0 = Debug|Any CPU
		{090F137C-469A-4B92-B589-62302184FDEB}.Debug|x86.ActiveCfg = Debug|Any CPU
		{090F137C-469A-4B92-B589-62302184FDEB}.Debug|x86.Build.0 = Debug|Any CPU
		{090F137C-469A-4B92-B589-62302184FDEB}.Release|Any CPU.ActiveCfg = Release|Any CPU
		{090F137C-469A-4B92-B589-62302184FDEB}.Release|Any CPU.Build.0 = Release|Any CPU
		{090F137C-469A-4B92-B589-62302184FDEB}.Release|x86.ActiveCfg = Release|Any CPU
		{090F137C-469A-4B92-B589-62302184FDEB}.Release|x86.Build.0 = Release|Any CPU
		{D0C8FA31-F202-4C8E-A052-4CBB858AF863}.Debug|Any CPU.ActiveCfg = Debug|Any CPU
		{D0C8FA31-F202-4C8E-A052-4CBB858AF863}.Debug|Any CPU.Build.0 = Debug|Any CPU
		{D0C8FA31-F202-4C8E-A052-4CBB858AF863}.Debug|x86.ActiveCfg = Debug|Any CPU
		{D0C8FA31-F202-4C8E-A052-4CBB858AF863}.Debug|x86.Build.0 = Debug|Any CPU
		{D0C8FA31-F202-4C8E-A052-4CBB858AF863}.Release|Any CPU.ActiveCfg = Release|Any CPU
		{D0C8FA31-F202-4C8E-A052-4CBB858AF863}.Release|Any CPU.Build.0 = Release|Any CPU
		{D0C8FA31-F202-4C8E-A052-4CBB858AF863}.Release|x86.ActiveCfg = Release|Any CPU
		{D0C8FA31-F202-4C8E-A052-4CBB858AF863}.Release|x86.Build.0 = Release|Any CPU
		{D35216B4-1702-41EB-8F2A-C3AB43853C8C}.Debug|Any CPU.ActiveCfg = Debug|Any CPU
		{D35216B4-1702-41EB-8F2A-C3AB43853C8C}.Debug|Any CPU.Build.0 = Debug|Any CPU
		{D35216B4-1702-41EB-8F2A-C3AB43853C8C}.Debug|x86.ActiveCfg = Debug|Any CPU
		{D35216B4-1702-41EB-8F2A-C3AB43853C8C}.Debug|x86.Build.0 = Debug|Any CPU
		{D35216B4-1702-41EB-8F2A-C3AB43853C8C}.Release|Any CPU.ActiveCfg = Release|Any CPU
		{D35216B4-1702-41EB-8F2A-C3AB43853C8C}.Release|Any CPU.Build.0 = Release|Any CPU
		{D35216B4-1702-41EB-8F2A-C3AB43853C8C}.Release|x86.ActiveCfg = Release|Any CPU
		{D35216B4-1702-41EB-8F2A-C3AB43853C8C}.Release|x86.Build.0 = Release|Any CPU
		{805DBDDB-BFB8-4025-8F40-3D7B53B3472A}.Debug|Any CPU.ActiveCfg = Debug|Any CPU
		{805DBDDB-BFB8-4025-8F40-3D7B53B3472A}.Debug|Any CPU.Build.0 = Debug|Any CPU
		{805DBDDB-BFB8-4025-8F40-3D7B53B3472A}.Debug|x86.ActiveCfg = Debug|Any CPU
		{805DBDDB-BFB8-4025-8F40-3D7B53B3472A}.Debug|x86.Build.0 = Debug|Any CPU
		{805DBDDB-BFB8-4025-8F40-3D7B53B3472A}.Release|Any CPU.ActiveCfg = Release|Any CPU
		{805DBDDB-BFB8-4025-8F40-3D7B53B3472A}.Release|Any CPU.Build.0 = Release|Any CPU
		{805DBDDB-BFB8-4025-8F40-3D7B53B3472A}.Release|x86.ActiveCfg = Release|Any CPU
		{805DBDDB-BFB8-4025-8F40-3D7B53B3472A}.Release|x86.Build.0 = Release|Any CPU
		{69D07018-3D38-492D-9684-708B5B57F314}.Debug|Any CPU.ActiveCfg = Debug|Any CPU
		{69D07018-3D38-492D-9684-708B5B57F314}.Debug|Any CPU.Build.0 = Debug|Any CPU
		{69D07018-3D38-492D-9684-708B5B57F314}.Debug|x86.ActiveCfg = Debug|Any CPU
		{69D07018-3D38-492D-9684-708B5B57F314}.Debug|x86.Build.0 = Debug|Any CPU
		{69D07018-3D38-492D-9684-708B5B57F314}.Release|Any CPU.ActiveCfg = Release|Any CPU
		{69D07018-3D38-492D-9684-708B5B57F314}.Release|Any CPU.Build.0 = Release|Any CPU
		{69D07018-3D38-492D-9684-708B5B57F314}.Release|x86.ActiveCfg = Release|Any CPU
		{69D07018-3D38-492D-9684-708B5B57F314}.Release|x86.Build.0 = Release|Any CPU
		{5A7105CE-C300-4F7E-8FF9-2CF47427193D}.Debug|Any CPU.ActiveCfg = Debug|Any CPU
		{5A7105CE-C300-4F7E-8FF9-2CF47427193D}.Debug|Any CPU.Build.0 = Debug|Any CPU
		{5A7105CE-C300-4F7E-8FF9-2CF47427193D}.Debug|x86.ActiveCfg = Debug|Any CPU
		{5A7105CE-C300-4F7E-8FF9-2CF47427193D}.Debug|x86.Build.0 = Debug|Any CPU
		{5A7105CE-C300-4F7E-8FF9-2CF47427193D}.Release|Any CPU.ActiveCfg = Release|Any CPU
		{5A7105CE-C300-4F7E-8FF9-2CF47427193D}.Release|Any CPU.Build.0 = Release|Any CPU
		{5A7105CE-C300-4F7E-8FF9-2CF47427193D}.Release|x86.ActiveCfg = Release|Any CPU
		{5A7105CE-C300-4F7E-8FF9-2CF47427193D}.Release|x86.Build.0 = Release|Any CPU
		{E2C4B0B4-5A88-4587-8B66-EE1B253DB357}.Debug|Any CPU.ActiveCfg = Debug|Any CPU
		{E2C4B0B4-5A88-4587-8B66-EE1B253DB357}.Debug|Any CPU.Build.0 = Debug|Any CPU
		{E2C4B0B4-5A88-4587-8B66-EE1B253DB357}.Debug|x86.ActiveCfg = Debug|Any CPU
		{E2C4B0B4-5A88-4587-8B66-EE1B253DB357}.Debug|x86.Build.0 = Debug|Any CPU
		{E2C4B0B4-5A88-4587-8B66-EE1B253DB357}.Release|Any CPU.ActiveCfg = Release|Any CPU
		{E2C4B0B4-5A88-4587-8B66-EE1B253DB357}.Release|Any CPU.Build.0 = Release|Any CPU
		{E2C4B0B4-5A88-4587-8B66-EE1B253DB357}.Release|x86.ActiveCfg = Release|Any CPU
		{E2C4B0B4-5A88-4587-8B66-EE1B253DB357}.Release|x86.Build.0 = Release|Any CPU
		{253AFF0A-2F31-4B08-8AF4-6AD189777F19}.Debug|Any CPU.ActiveCfg = Debug
		{253AFF0A-2F31-4B08-8AF4-6AD189777F19}.Debug|x86.ActiveCfg = Debug
		{253AFF0A-2F31-4B08-8AF4-6AD189777F19}.Debug|x86.Build.0 = Debug
		{253AFF0A-2F31-4B08-8AF4-6AD189777F19}.Release|Any CPU.ActiveCfg = Release
		{253AFF0A-2F31-4B08-8AF4-6AD189777F19}.Release|x86.ActiveCfg = Release
		{253AFF0A-2F31-4B08-8AF4-6AD189777F19}.Release|x86.Build.0 = Release
		{F0CBD29C-E96C-47C7-8430-F6AF21EABCF5}.Debug|Any CPU.ActiveCfg = Debug|Any CPU
		{F0CBD29C-E96C-47C7-8430-F6AF21EABCF5}.Debug|Any CPU.Build.0 = Debug|Any CPU
		{F0CBD29C-E96C-47C7-8430-F6AF21EABCF5}.Debug|x86.ActiveCfg = Debug|x86
		{F0CBD29C-E96C-47C7-8430-F6AF21EABCF5}.Debug|x86.Build.0 = Debug|x86
		{F0CBD29C-E96C-47C7-8430-F6AF21EABCF5}.Release|Any CPU.ActiveCfg = Release|Any CPU
		{F0CBD29C-E96C-47C7-8430-F6AF21EABCF5}.Release|Any CPU.Build.0 = Release|Any CPU
		{F0CBD29C-E96C-47C7-8430-F6AF21EABCF5}.Release|x86.ActiveCfg = Release|x86
		{F0CBD29C-E96C-47C7-8430-F6AF21EABCF5}.Release|x86.Build.0 = Release|x86
	EndGlobalSection
	GlobalSection(SolutionProperties) = preSolution
		HideSolutionNode = FALSE
	EndGlobalSection
	GlobalSection(NestedProjects) = preSolution
		{090F137C-469A-4B92-B589-62302184FDEB} = {589DCE91-7314-4590-BF64-A5A2471A9FB4}
		{D0C8FA31-F202-4C8E-A052-4CBB858AF863} = {589DCE91-7314-4590-BF64-A5A2471A9FB4}
		{D35216B4-1702-41EB-8F2A-C3AB43853C8C} = {84BF8210-09B0-4900-8037-F20B45303E02}
		{805DBDDB-BFB8-4025-8F40-3D7B53B3472A} = {97913D81-3D5C-40ED-8769-294B7987E971}
		{69D07018-3D38-492D-9684-708B5B57F314} = {97913D81-3D5C-40ED-8769-294B7987E971}
		{5A7105CE-C300-4F7E-8FF9-2CF47427193D} = {F89CC7DD-BD6D-4AD6-99F0-6933833435E7}
		{E2C4B0B4-5A88-4587-8B66-EE1B253DB357} = {F89CC7DD-BD6D-4AD6-99F0-6933833435E7}
		{253AFF0A-2F31-4B08-8AF4-6AD189777F19} = {192E4F31-CF32-404B-9ADE-9CD128A2E4AC}
		{F0CBD29C-E96C-47C7-8430-F6AF21EABCF5} = {F89CC7DD-BD6D-4AD6-99F0-6933833435E7}
		{CC48E37C-69CA-4D27-BAF5-9E98B340B8AD} = {84BF8210-09B0-4900-8037-F20B45303E02}
		{04B4C9F4-558B-41A1-805F-429449723E0D} = {589DCE91-7314-4590-BF64-A5A2471A9FB4}
		{27E38A19-F332-42F3-8698-7ECC75222EC3} = {589DCE91-7314-4590-BF64-A5A2471A9FB4}
	EndGlobalSection
	GlobalSection(ExtensibilityGlobals) = postSolution
		SolutionGuid = {3AFA651F-BC04-4393-B7B1-9B92532583D5}
	EndGlobalSection
EndGlobal
