
Microsoft Visual Studio Solution File, Format Version 12.00
# Visual Studio 15
VisualStudioVersion = 15.0.28307.136
MinimumVisualStudioVersion = 10.0.40219.1
Project("{FAE04EC0-301F-11D3-BF4B-00C04F79EFBC}") = "HeBianGu.Applications.ControlBase.LinkWindow", "..\..\Source\Application\HeBianGu.Applications.ControlBase.NugetDemo\HeBianGu.Applications.ControlBase.LinkWindow.csproj", "{45FA99D1-6DF8-4AE5-BF86-F31BFCCD54A8}"
EndProject
Project("{D954291E-2A0B-460D-934E-DC6B0785DB48}") = "HeBianGu.Application.ControlBase.Share", "..\..\Source\Application\HeBianGu.Application.ControlBase.Share\HeBianGu.Application.ControlBase.Share.shproj", "{B3537D10-28E3-4B59-9402-D7E33EE259D1}"
EndProject
Project("{2150E333-8FDC-42A3-9474-1A3956D46DE8}") = "1 - Application", "1 - Application", "{A6DE3434-B90B-479F-9712-1B65F187960A}"
EndProject
Project("{2150E333-8FDC-42A3-9474-1A3956D46DE8}") = "2 - Share", "2 - Share", "{F19032AA-7ADF-43F2-8D36-BDB9622FB2F4}"
EndProject
Global
	GlobalSection(SharedMSBuildProjectFiles) = preSolution
		..\..\Source\Application\HeBianGu.Application.ControlBase.Share\HeBianGu.Application.ControlBase.Share.projitems*{45fa99d1-6df8-4ae5-bf86-f31bfccd54a8}*SharedItemsImports = 4
		..\..\Source\Application\HeBianGu.Application.ControlBase.Share\HeBianGu.Application.ControlBase.Share.projitems*{b3537d10-28e3-4b59-9402-d7e33ee259d1}*SharedItemsImports = 13
	EndGlobalSection
	GlobalSection(SolutionConfigurationPlatforms) = preSolution
		Debug|Any CPU = Debug|Any CPU
		Release|Any CPU = Release|Any CPU
	EndGlobalSection
	GlobalSection(ProjectConfigurationPlatforms) = postSolution
		{45FA99D1-6DF8-4AE5-BF86-F31BFCCD54A8}.Debug|Any CPU.ActiveCfg = Debug|Any CPU
		{45FA99D1-6DF8-4AE5-BF86-F31BFCCD54A8}.Debug|Any CPU.Build.0 = Debug|Any CPU
		{45FA99D1-6DF8-4AE5-BF86-F31BFCCD54A8}.Release|Any CPU.ActiveCfg = Release|Any CPU
		{45FA99D1-6DF8-4AE5-BF86-F31BFCCD54A8}.Release|Any CPU.Build.0 = Release|Any CPU
	EndGlobalSection
	GlobalSection(SolutionProperties) = preSolution
		HideSolutionNode = FALSE
	EndGlobalSection
	GlobalSection(NestedProjects) = preSolution
		{45FA99D1-6DF8-4AE5-BF86-F31BFCCD54A8} = {A6DE3434-B90B-479F-9712-1B65F187960A}
		{B3537D10-28E3-4B59-9402-D7E33EE259D1} = {F19032AA-7ADF-43F2-8D36-BDB9622FB2F4}
	EndGlobalSection
	GlobalSection(ExtensibilityGlobals) = postSolution
		SolutionGuid = {3AFA651F-BC04-4393-B7B1-9B92532583D5}
	EndGlobalSection
EndGlobal
