
Microsoft Visual Studio Solution File, Format Version 12.00
# Visual Studio Version 16
VisualStudioVersion = 16.0.29324.140
MinimumVisualStudioVersion = 10.0.40219.1
Project("{2150E333-8FDC-42A3-9474-1A3956D46DE8}") = "3 - Base", "3 - Base", "{84BF8210-09B0-4900-8037-F20B45303E02}"
EndProject
Project("{2150E333-8FDC-42A3-9474-1A3956D46DE8}") = "1 - Application", "1 - Application", "{F89CC7DD-BD6D-4AD6-99F0-6933833435E7}"
EndProject
Project("{2150E333-8FDC-42A3-9474-1A3956D46DE8}") = "2 - General", "2 - General", "{589DCE91-7314-4590-BF64-A5A2471A9FB4}"
EndProject
Project("{2150E333-8FDC-42A3-9474-1A3956D46DE8}") = "4 - Package", "4 - Package", "{192E4F31-CF32-404B-9ADE-9CD128A2E4AC}"
EndProject
Project("{9A19103F-16F7-4668-BE54-9A1E7A4F7556}") = "HeBianGu.General.WpfControlLib", "..\..\Source\General\HeBianGu.General.WpfControlLib\HeBianGu.General.WpfControlLib.csproj", "{090F137C-469A-4B92-B589-62302184FDEB}"
EndProject
Project("{9A19103F-16F7-4668-BE54-9A1E7A4F7556}") = "HeBianGu.General.WpfMvc", "..\..\Source\General\HeBianGu.General.WpfMvc\HeBianGu.General.WpfMvc.csproj", "{D0C8FA31-F202-4C8E-A052-4CBB858AF863}"
EndProject
Project("{9A19103F-16F7-4668-BE54-9A1E7A4F7556}") = "HeBianGu.Base.WpfBase", "..\..\Source\Base\HeBianGu.Base.WpfBase\HeBianGu.Base.WpfBase.csproj", "{D35216B4-1702-41EB-8F2A-C3AB43853C8C}"
EndProject
Project("{2150E333-8FDC-42A3-9474-1A3956D46DE8}") = "5 - VsTemplate", "5 - VsTemplate", "{97913D81-3D5C-40ED-8769-294B7987E971}"
EndProject
Project("{FAE04EC0-301F-11D3-BF4B-00C04F79EFBC}") = "WpfAppBlurWindow", "..\..\Source\VsTemplate\WpfAppBlurWindow\WpfAppBlurWindow.csproj", "{805DBDDB-BFB8-4025-8F40-3D7B53B3472A}"
EndProject
Project("{FAE04EC0-301F-11D3-BF4B-00C04F79EFBC}") = "WpfAppLinkWindow", "..\..\Source\VsTemplate\WpfAppLinkWindow\WpfAppLinkWindow.csproj", "{69D07018-3D38-492D-9684-708B5B57F314}"
EndProject
Project("{FAE04EC0-301F-11D3-BF4B-00C04F79EFBC}") = "HeBianGu.Application.BlurWindow", "..\..\Source\Application\HeBianGu.Application.BlurWindow\HeBianGu.Application.BlurWindow.csproj", "{5A7105CE-C300-4F7E-8FF9-2CF47427193D}"
EndProject
Project("{9A19103F-16F7-4668-BE54-9A1E7A4F7556}") = "HeBianGu.Application.LinkWindow", "..\..\Source\Application\HeBianGu.Application.LinkWindow\HeBianGu.Application.LinkWindow.csproj", "{E2C4B0B4-5A88-4587-8B66-EE1B253DB357}"
EndProject
Project("{54435603-DBB4-11D2-8724-00A0C9A8B90C}") = "HeBianGu.Package.LinkWindow", "..\..\Source\Package\HeBianGu.Package.LinkWindow\HeBianGu.Package.LinkWindow.vdproj", "{253AFF0A-2F31-4B08-8AF4-6AD189777F19}"
EndProject
Project("{FAE04EC0-301F-11D3-BF4B-00C04F79EFBC}") = "HeBianGu.Application.ManagerWindow", "..\..\Source\Application\HeBianGu.Application.ManagerWindow\HeBianGu.Application.ManagerWindow.csproj", "{4F2F9B96-A28C-484B-A4A4-50A0BC665A4C}"
EndProject
Project("{FAE04EC0-301F-11D3-BF4B-00C04F79EFBC}") = "HeBianGu.Application.ToolWindow", "..\..\Source\Application\HeBianGu.Application.ToolWindow\HeBianGu.Application.ToolWindow.csproj", "{4CDE98BD-93A3-45F0-B7D0-2BD90D53E1B8}"
EndProject
Project("{FAE04EC0-301F-11D3-BF4B-00C04F79EFBC}") = "HeBianGu.Application.MainWindow", "..\..\Source\Application\HeBianGu.Application.MainWindow\HeBianGu.Application.MainWindow.csproj", "{F143DFA4-7265-4C87-8885-B4E162C48A35}"
EndProject
Project("{FAE04EC0-301F-11D3-BF4B-00C04F79EFBC}") = "HeBianGu.Application.TouchWindow", "..\..\Source\Application\HeBianGu.Application.TouchWindow\HeBianGu.Application.TouchWindow.csproj", "{F0CBD29C-E96C-47C7-8430-F6AF21EABCF5}"
EndProject
Project("{FAE04EC0-301F-11D3-BF4B-00C04F79EFBC}") = "HeBianGu.Application.DiskWindow", "..\..\Source\Application\HeBianGu.Application.DiskWindow\HeBianGu.Application.DiskWindow.csproj", "{3B346F56-F6E7-4F90-B2D1-E1BBE5E5CECA}"
EndProject
Project("{2150E333-8FDC-42A3-9474-1A3956D46DE8}") = "2 - Control", "2 - Control", "{CE0BE47F-BC98-42CB-B762-0073A8DBB025}"
EndProject
Project("{FAE04EC0-301F-11D3-BF4B-00C04F79EFBC}") = "HeBianGu.Control.PropertyGrid", "..\..\Source\Control\HeBianGu.Control.PropertyGrid\HeBianGu.Control.PropertyGrid.csproj", "{C3456FE9-ADCC-4BE8-AB71-827D74A04F3E}"
EndProject
Global
	GlobalSection(SolutionConfigurationPlatforms) = preSolution
		Debug|Any CPU = Debug|Any CPU
		Debug|x86 = Debug|x86
		Release|Any CPU = Release|Any CPU
		Release|x86 = Release|x86
	EndGlobalSection
	GlobalSection(ProjectConfigurationPlatforms) = postSolution
		{090F137C-469A-4B92-B589-62302184FDEB}.Debug|Any CPU.ActiveCfg = Debug|Any CPU
		{090F137C-469A-4B92-B589-62302184FDEB}.Debug|Any CPU.Build.0 = Debug|Any CPU
		{090F137C-469A-4B92-B589-62302184FDEB}.Debug|x86.ActiveCfg = Debug|Any CPU
		{090F137C-469A-4B92-B589-62302184FDEB}.Debug|x86.Build.0 = Debug|Any CPU
		{090F137C-469A-4B92-B589-62302184FDEB}.Release|Any CPU.ActiveCfg = Release|Any CPU
		{090F137C-469A-4B92-B589-62302184FDEB}.Release|Any CPU.Build.0 = Release|Any CPU
		{090F137C-469A-4B92-B589-62302184FDEB}.Release|x86.ActiveCfg = Release|Any CPU
		{090F137C-469A-4B92-B589-62302184FDEB}.Release|x86.Build.0 = Release|Any CPU
		{D0C8FA31-F202-4C8E-A052-4CBB858AF863}.Debug|Any CPU.ActiveCfg = Debug|Any CPU
		{D0C8FA31-F202-4C8E-A052-4CBB858AF863}.Debug|Any CPU.Build.0 = Debug|Any CPU
		{D0C8FA31-F202-4C8E-A052-4CBB858AF863}.Debug|x86.ActiveCfg = Debug|Any CPU
		{D0C8FA31-F202-4C8E-A052-4CBB858AF863}.Debug|x86.Build.0 = Debug|Any CPU
		{D0C8FA31-F202-4C8E-A052-4CBB858AF863}.Release|Any CPU.ActiveCfg = Release|Any CPU
		{D0C8FA31-F202-4C8E-A052-4CBB858AF863}.Release|Any CPU.Build.0 = Release|Any CPU
		{D0C8FA31-F202-4C8E-A052-4CBB858AF863}.Release|x86.ActiveCfg = Release|Any CPU
		{D0C8FA31-F202-4C8E-A052-4CBB858AF863}.Release|x86.Build.0 = Release|Any CPU
		{D35216B4-1702-41EB-8F2A-C3AB43853C8C}.Debug|Any CPU.ActiveCfg = Debug|Any CPU
		{D35216B4-1702-41EB-8F2A-C3AB43853C8C}.Debug|Any CPU.Build.0 = Debug|Any CPU
		{D35216B4-1702-41EB-8F2A-C3AB43853C8C}.Debug|x86.ActiveCfg = Debug|Any CPU
		{D35216B4-1702-41EB-8F2A-C3AB43853C8C}.Debug|x86.Build.0 = Debug|Any CPU
		{D35216B4-1702-41EB-8F2A-C3AB43853C8C}.Release|Any CPU.ActiveCfg = Release|Any CPU
		{D35216B4-1702-41EB-8F2A-C3AB43853C8C}.Release|Any CPU.Build.0 = Release|Any CPU
		{D35216B4-1702-41EB-8F2A-C3AB43853C8C}.Release|x86.ActiveCfg = Release|Any CPU
		{D35216B4-1702-41EB-8F2A-C3AB43853C8C}.Release|x86.Build.0 = Release|Any CPU
		{805DBDDB-BFB8-4025-8F40-3D7B53B3472A}.Debug|Any CPU.ActiveCfg = Debug|Any CPU
		{805DBDDB-BFB8-4025-8F40-3D7B53B3472A}.Debug|Any CPU.Build.0 = Debug|Any CPU
		{805DBDDB-BFB8-4025-8F40-3D7B53B3472A}.Debug|x86.ActiveCfg = Debug|Any CPU
		{805DBDDB-BFB8-4025-8F40-3D7B53B3472A}.Debug|x86.Build.0 = Debug|Any CPU
		{805DBDDB-BFB8-4025-8F40-3D7B53B3472A}.Release|Any CPU.ActiveCfg = Release|Any CPU
		{805DBDDB-BFB8-4025-8F40-3D7B53B3472A}.Release|Any CPU.Build.0 = Release|Any CPU
		{805DBDDB-BFB8-4025-8F40-3D7B53B3472A}.Release|x86.ActiveCfg = Release|Any CPU
		{805DBDDB-BFB8-4025-8F40-3D7B53B3472A}.Release|x86.Build.0 = Release|Any CPU
		{69D07018-3D38-492D-9684-708B5B57F314}.Debug|Any CPU.ActiveCfg = Debug|Any CPU
		{69D07018-3D38-492D-9684-708B5B57F314}.Debug|Any CPU.Build.0 = Debug|Any CPU
		{69D07018-3D38-492D-9684-708B5B57F314}.Debug|x86.ActiveCfg = Debug|Any CPU
		{69D07018-3D38-492D-9684-708B5B57F314}.Debug|x86.Build.0 = Debug|Any CPU
		{69D07018-3D38-492D-9684-708B5B57F314}.Release|Any CPU.ActiveCfg = Release|Any CPU
		{69D07018-3D38-492D-9684-708B5B57F314}.Release|Any CPU.Build.0 = Release|Any CPU
		{69D07018-3D38-492D-9684-708B5B57F314}.Release|x86.ActiveCfg = Release|Any CPU
		{69D07018-3D38-492D-9684-708B5B57F314}.Release|x86.Build.0 = Release|Any CPU
		{5A7105CE-C300-4F7E-8FF9-2CF47427193D}.Debug|Any CPU.ActiveCfg = Debug|Any CPU
		{5A7105CE-C300-4F7E-8FF9-2CF47427193D}.Debug|Any CPU.Build.0 = Debug|Any CPU
		{5A7105CE-C300-4F7E-8FF9-2CF47427193D}.Debug|x86.ActiveCfg = Debug|Any CPU
		{5A7105CE-C300-4F7E-8FF9-2CF47427193D}.Debug|x86.Build.0 = Debug|Any CPU
		{5A7105CE-C300-4F7E-8FF9-2CF47427193D}.Release|Any CPU.ActiveCfg = Release|Any CPU
		{5A7105CE-C300-4F7E-8FF9-2CF47427193D}.Release|Any CPU.Build.0 = Release|Any CPU
		{5A7105CE-C300-4F7E-8FF9-2CF47427193D}.Release|x86.ActiveCfg = Release|Any CPU
		{5A7105CE-C300-4F7E-8FF9-2CF47427193D}.Release|x86.Build.0 = Release|Any CPU
		{E2C4B0B4-5A88-4587-8B66-EE1B253DB357}.Debug|Any CPU.ActiveCfg = Debug|Any CPU
		{E2C4B0B4-5A88-4587-8B66-EE1B253DB357}.Debug|Any CPU.Build.0 = Debug|Any CPU
		{E2C4B0B4-5A88-4587-8B66-EE1B253DB357}.Debug|x86.ActiveCfg = Debug|Any CPU
		{E2C4B0B4-5A88-4587-8B66-EE1B253DB357}.Debug|x86.Build.0 = Debug|Any CPU
		{E2C4B0B4-5A88-4587-8B66-EE1B253DB357}.Release|Any CPU.ActiveCfg = Release|Any CPU
		{E2C4B0B4-5A88-4587-8B66-EE1B253DB357}.Release|Any CPU.Build.0 = Release|Any CPU
		{E2C4B0B4-5A88-4587-8B66-EE1B253DB357}.Release|x86.ActiveCfg = Release|Any CPU
		{E2C4B0B4-5A88-4587-8B66-EE1B253DB357}.Release|x86.Build.0 = Release|Any CPU
		{253AFF0A-2F31-4B08-8AF4-6AD189777F19}.Debug|Any CPU.ActiveCfg = Debug
		{253AFF0A-2F31-4B08-8AF4-6AD189777F19}.Debug|x86.ActiveCfg = Debug
		{253AFF0A-2F31-4B08-8AF4-6AD189777F19}.Debug|x86.Build.0 = Debug
		{253AFF0A-2F31-4B08-8AF4-6AD189777F19}.Release|Any CPU.ActiveCfg = Release
		{253AFF0A-2F31-4B08-8AF4-6AD189777F19}.Release|x86.ActiveCfg = Release
		{253AFF0A-2F31-4B08-8AF4-6AD189777F19}.Release|x86.Build.0 = Release
		{4F2F9B96-A28C-484B-A4A4-50A0BC665A4C}.Debug|Any CPU.ActiveCfg = Debug|Any CPU
		{4F2F9B96-A28C-484B-A4A4-50A0BC665A4C}.Debug|Any CPU.Build.0 = Debug|Any CPU
		{4F2F9B96-A28C-484B-A4A4-50A0BC665A4C}.Debug|x86.ActiveCfg = Debug|Any CPU
		{4F2F9B96-A28C-484B-A4A4-50A0BC665A4C}.Debug|x86.Build.0 = Debug|Any CPU
		{4F2F9B96-A28C-484B-A4A4-50A0BC665A4C}.Release|Any CPU.ActiveCfg = Release|Any CPU
		{4F2F9B96-A28C-484B-A4A4-50A0BC665A4C}.Release|Any CPU.Build.0 = Release|Any CPU
		{4F2F9B96-A28C-484B-A4A4-50A0BC665A4C}.Release|x86.ActiveCfg = Release|Any CPU
		{4F2F9B96-A28C-484B-A4A4-50A0BC665A4C}.Release|x86.Build.0 = Release|Any CPU
		{4CDE98BD-93A3-45F0-B7D0-2BD90D53E1B8}.Debug|Any CPU.ActiveCfg = Debug|Any CPU
		{4CDE98BD-93A3-45F0-B7D0-2BD90D53E1B8}.Debug|Any CPU.Build.0 = Debug|Any CPU
		{4CDE98BD-93A3-45F0-B7D0-2BD90D53E1B8}.Debug|x86.ActiveCfg = Debug|Any CPU
		{4CDE98BD-93A3-45F0-B7D0-2BD90D53E1B8}.Debug|x86.Build.0 = Debug|Any CPU
		{4CDE98BD-93A3-45F0-B7D0-2BD90D53E1B8}.Release|Any CPU.ActiveCfg = Release|Any CPU
		{4CDE98BD-93A3-45F0-B7D0-2BD90D53E1B8}.Release|Any CPU.Build.0 = Release|Any CPU
		{4CDE98BD-93A3-45F0-B7D0-2BD90D53E1B8}.Release|x86.ActiveCfg = Release|Any CPU
		{4CDE98BD-93A3-45F0-B7D0-2BD90D53E1B8}.Release|x86.Build.0 = Release|Any CPU
		{F143DFA4-7265-4C87-8885-B4E162C48A35}.Debug|Any CPU.ActiveCfg = Debug|Any CPU
		{F143DFA4-7265-4C87-8885-B4E162C48A35}.Debug|Any CPU.Build.0 = Debug|Any CPU
		{F143DFA4-7265-4C87-8885-B4E162C48A35}.Debug|x86.ActiveCfg = Debug|Any CPU
		{F143DFA4-7265-4C87-8885-B4E162C48A35}.Debug|x86.Build.0 = Debug|Any CPU
		{F143DFA4-7265-4C87-8885-B4E162C48A35}.Release|Any CPU.ActiveCfg = Release|Any CPU
		{F143DFA4-7265-4C87-8885-B4E162C48A35}.Release|Any CPU.Build.0 = Release|Any CPU
		{F143DFA4-7265-4C87-8885-B4E162C48A35}.Release|x86.ActiveCfg = Release|Any CPU
		{F143DFA4-7265-4C87-8885-B4E162C48A35}.Release|x86.Build.0 = Release|Any CPU
		{F0CBD29C-E96C-47C7-8430-F6AF21EABCF5}.Debug|Any CPU.ActiveCfg = Debug|Any CPU
		{F0CBD29C-E96C-47C7-8430-F6AF21EABCF5}.Debug|Any CPU.Build.0 = Debug|Any CPU
		{F0CBD29C-E96C-47C7-8430-F6AF21EABCF5}.Debug|x86.ActiveCfg = Debug|x86
		{F0CBD29C-E96C-47C7-8430-F6AF21EABCF5}.Debug|x86.Build.0 = Debug|x86
		{F0CBD29C-E96C-47C7-8430-F6AF21EABCF5}.Release|Any CPU.ActiveCfg = Release|Any CPU
		{F0CBD29C-E96C-47C7-8430-F6AF21EABCF5}.Release|Any CPU.Build.0 = Release|Any CPU
		{F0CBD29C-E96C-47C7-8430-F6AF21EABCF5}.Release|x86.ActiveCfg = Release|x86
		{F0CBD29C-E96C-47C7-8430-F6AF21EABCF5}.Release|x86.Build.0 = Release|x86
		{3B346F56-F6E7-4F90-B2D1-E1BBE5E5CECA}.Debug|Any CPU.ActiveCfg = Debug|Any CPU
		{3B346F56-F6E7-4F90-B2D1-E1BBE5E5CECA}.Debug|Any CPU.Build.0 = Debug|Any CPU
		{3B346F56-F6E7-4F90-B2D1-E1BBE5E5CECA}.Debug|x86.ActiveCfg = Debug|Any CPU
		{3B346F56-F6E7-4F90-B2D1-E1BBE5E5CECA}.Debug|x86.Build.0 = Debug|Any CPU
		{3B346F56-F6E7-4F90-B2D1-E1BBE5E5CECA}.Release|Any CPU.ActiveCfg = Release|Any CPU
		{3B346F56-F6E7-4F90-B2D1-E1BBE5E5CECA}.Release|Any CPU.Build.0 = Release|Any CPU
		{3B346F56-F6E7-4F90-B2D1-E1BBE5E5CECA}.Release|x86.ActiveCfg = Release|Any CPU
		{3B346F56-F6E7-4F90-B2D1-E1BBE5E5CECA}.Release|x86.Build.0 = Release|Any CPU
		{C3456FE9-ADCC-4BE8-AB71-827D74A04F3E}.Debug|Any CPU.ActiveCfg = Debug|Any CPU
		{C3456FE9-ADCC-4BE8-AB71-827D74A04F3E}.Debug|Any CPU.Build.0 = Debug|Any CPU
		{C3456FE9-ADCC-4BE8-AB71-827D74A04F3E}.Debug|x86.ActiveCfg = Debug|Any CPU
		{C3456FE9-ADCC-4BE8-AB71-827D74A04F3E}.Debug|x86.Build.0 = Debug|Any CPU
		{C3456FE9-ADCC-4BE8-AB71-827D74A04F3E}.Release|Any CPU.ActiveCfg = Release|Any CPU
		{C3456FE9-ADCC-4BE8-AB71-827D74A04F3E}.Release|Any CPU.Build.0 = Release|Any CPU
		{C3456FE9-ADCC-4BE8-AB71-827D74A04F3E}.Release|x86.ActiveCfg = Release|Any CPU
		{C3456FE9-ADCC-4BE8-AB71-827D74A04F3E}.Release|x86.Build.0 = Release|Any CPU
	EndGlobalSection
	GlobalSection(SolutionProperties) = preSolution
		HideSolutionNode = FALSE
	EndGlobalSection
	GlobalSection(NestedProjects) = preSolution
		{090F137C-469A-4B92-B589-62302184FDEB} = {589DCE91-7314-4590-BF64-A5A2471A9FB4}
		{D0C8FA31-F202-4C8E-A052-4CBB858AF863} = {589DCE91-7314-4590-BF64-A5A2471A9FB4}
		{D35216B4-1702-41EB-8F2A-C3AB43853C8C} = {84BF8210-09B0-4900-8037-F20B45303E02}
		{805DBDDB-BFB8-4025-8F40-3D7B53B3472A} = {97913D81-3D5C-40ED-8769-294B7987E971}
		{69D07018-3D38-492D-9684-708B5B57F314} = {97913D81-3D5C-40ED-8769-294B7987E971}
		{5A7105CE-C300-4F7E-8FF9-2CF47427193D} = {F89CC7DD-BD6D-4AD6-99F0-6933833435E7}
		{E2C4B0B4-5A88-4587-8B66-EE1B253DB357} = {F89CC7DD-BD6D-4AD6-99F0-6933833435E7}
		{253AFF0A-2F31-4B08-8AF4-6AD189777F19} = {192E4F31-CF32-404B-9ADE-9CD128A2E4AC}
		{4F2F9B96-A28C-484B-A4A4-50A0BC665A4C} = {F89CC7DD-BD6D-4AD6-99F0-6933833435E7}
		{4CDE98BD-93A3-45F0-B7D0-2BD90D53E1B8} = {F89CC7DD-BD6D-4AD6-99F0-6933833435E7}
		{F143DFA4-7265-4C87-8885-B4E162C48A35} = {F89CC7DD-BD6D-4AD6-99F0-6933833435E7}
		{F0CBD29C-E96C-47C7-8430-F6AF21EABCF5} = {F89CC7DD-BD6D-4AD6-99F0-6933833435E7}
		{3B346F56-F6E7-4F90-B2D1-E1BBE5E5CECA} = {F89CC7DD-BD6D-4AD6-99F0-6933833435E7}
		{C3456FE9-ADCC-4BE8-AB71-827D74A04F3E} = {CE0BE47F-BC98-42CB-B762-0073A8DBB025}
	EndGlobalSection
	GlobalSection(ExtensibilityGlobals) = postSolution
		SolutionGuid = {3AFA651F-BC04-4393-B7B1-9B92532583D5}
	EndGlobalSection
EndGlobal
