
Microsoft Visual Studio Solution File, Format Version 12.00
# Visual Studio Version 16
VisualStudioVersion = 16.0.29324.140
MinimumVisualStudioVersion = 10.0.40219.1
Project("{2150E333-8FDC-42A3-9474-1A3956D46DE8}") = "3 - Base", "3 - Base", "{84BF8210-09B0-4900-8037-F20B45303E02}"
EndProject
Project("{2150E333-8FDC-42A3-9474-1A3956D46DE8}") = "1 - Application", "1 - Application", "{F89CC7DD-BD6D-4AD6-99F0-6933833435E7}"
EndProject
Project("{2150E333-8FDC-42A3-9474-1A3956D46DE8}") = "2 - General", "2 - General", "{589DCE91-7314-4590-BF64-A5A2471A9FB4}"
EndProject
Project("{2150E333-8FDC-42A3-9474-1A3956D46DE8}") = "4 - Package", "4 - Package", "{192E4F31-CF32-404B-9ADE-9CD128A2E4AC}"
EndProject
Project("{54435603-DBB4-11D2-8724-00A0C9A8B90C}") = "HeBianGu.Package.LinkWindow", "..\..\Source\Package\HeBianGu.Package.LinkWindow\HeBianGu.Package.LinkWindow.vdproj", "{8318A35F-B8D2-45DA-B8F0-C51A659047F3}"
EndProject
Project("{9A19103F-16F7-4668-BE54-9A1E7A4F7556}") = "HeBianGu.Applications.ControlBase.LinkWindow", "..\..\Source\Application\HeBianGu.Applications.ControlBase.LinkWindow\HeBianGu.Applications.ControlBase.LinkWindow.csproj", "{F0E06A64-3E82-479C-9AF0-807348453A4E}"
EndProject
Project("{9A19103F-16F7-4668-BE54-9A1E7A4F7556}") = "HeBianGu.General.WpfControlLib", "..\..\Source\General\HeBianGu.General.WpfControlLib\HeBianGu.General.WpfControlLib.csproj", "{090F137C-469A-4B92-B589-62302184FDEB}"
EndProject
Project("{9A19103F-16F7-4668-BE54-9A1E7A4F7556}") = "HeBianGu.General.WpfMvc", "..\..\Source\General\HeBianGu.General.WpfMvc\HeBianGu.General.WpfMvc.csproj", "{D0C8FA31-F202-4C8E-A052-4CBB858AF863}"
EndProject
Project("{9A19103F-16F7-4668-BE54-9A1E7A4F7556}") = "HeBianGu.Base.WpfBase", "..\..\Source\Base\HeBianGu.Base.WpfBase\HeBianGu.Base.WpfBase.csproj", "{D35216B4-1702-41EB-8F2A-C3AB43853C8C}"
EndProject
Project("{2150E333-8FDC-42A3-9474-1A3956D46DE8}") = "5 - VsTemplate", "5 - VsTemplate", "{97913D81-3D5C-40ED-8769-294B7987E971}"
EndProject
Project("{FAE04EC0-301F-11D3-BF4B-00C04F79EFBC}") = "WpfAppBlurWindow", "..\..\Source\VsTemplate\WpfAppBlurWindow\WpfAppBlurWindow.csproj", "{805DBDDB-BFB8-4025-8F40-3D7B53B3472A}"
EndProject
Project("{FAE04EC0-301F-11D3-BF4B-00C04F79EFBC}") = "WpfAppLinkWindow", "..\..\Source\VsTemplate\WpfAppLinkWindow\WpfAppLinkWindow.csproj", "{69D07018-3D38-492D-9684-708B5B57F314}"
EndProject
Global
	GlobalSection(SolutionConfigurationPlatforms) = preSolution
		Debug|Any CPU = Debug|Any CPU
		Release|Any CPU = Release|Any CPU
	EndGlobalSection
	GlobalSection(ProjectConfigurationPlatforms) = postSolution
		{8318A35F-B8D2-45DA-B8F0-C51A659047F3}.Debug|Any CPU.ActiveCfg = Debug
		{8318A35F-B8D2-45DA-B8F0-C51A659047F3}.Release|Any CPU.ActiveCfg = Release
		{F0E06A64-3E82-479C-9AF0-807348453A4E}.Debug|Any CPU.ActiveCfg = Debug|Any CPU
		{F0E06A64-3E82-479C-9AF0-807348453A4E}.Debug|Any CPU.Build.0 = Debug|Any CPU
		{F0E06A64-3E82-479C-9AF0-807348453A4E}.Release|Any CPU.ActiveCfg = Release|Any CPU
		{F0E06A64-3E82-479C-9AF0-807348453A4E}.Release|Any CPU.Build.0 = Release|Any CPU
		{090F137C-469A-4B92-B589-62302184FDEB}.Debug|Any CPU.ActiveCfg = Debug|Any CPU
		{090F137C-469A-4B92-B589-62302184FDEB}.Debug|Any CPU.Build.0 = Debug|Any CPU
		{090F137C-469A-4B92-B589-62302184FDEB}.Release|Any CPU.ActiveCfg = Release|Any CPU
		{090F137C-469A-4B92-B589-62302184FDEB}.Release|Any CPU.Build.0 = Release|Any CPU
		{D0C8FA31-F202-4C8E-A052-4CBB858AF863}.Debug|Any CPU.ActiveCfg = Debug|Any CPU
		{D0C8FA31-F202-4C8E-A052-4CBB858AF863}.Debug|Any CPU.Build.0 = Debug|Any CPU
		{D0C8FA31-F202-4C8E-A052-4CBB858AF863}.Release|Any CPU.ActiveCfg = Release|Any CPU
		{D0C8FA31-F202-4C8E-A052-4CBB858AF863}.Release|Any CPU.Build.0 = Release|Any CPU
		{D35216B4-1702-41EB-8F2A-C3AB43853C8C}.Debug|Any CPU.ActiveCfg = Debug|Any CPU
		{D35216B4-1702-41EB-8F2A-C3AB43853C8C}.Debug|Any CPU.Build.0 = Debug|Any CPU
		{D35216B4-1702-41EB-8F2A-C3AB43853C8C}.Release|Any CPU.ActiveCfg = Release|Any CPU
		{D35216B4-1702-41EB-8F2A-C3AB43853C8C}.Release|Any CPU.Build.0 = Release|Any CPU
		{805DBDDB-BFB8-4025-8F40-3D7B53B3472A}.Debug|Any CPU.ActiveCfg = Debug|Any CPU
		{805DBDDB-BFB8-4025-8F40-3D7B53B3472A}.Debug|Any CPU.Build.0 = Debug|Any CPU
		{805DBDDB-BFB8-4025-8F40-3D7B53B3472A}.Release|Any CPU.ActiveCfg = Release|Any CPU
		{805DBDDB-BFB8-4025-8F40-3D7B53B3472A}.Release|Any CPU.Build.0 = Release|Any CPU
		{69D07018-3D38-492D-9684-708B5B57F314}.Debug|Any CPU.ActiveCfg = Debug|Any CPU
		{69D07018-3D38-492D-9684-708B5B57F314}.Debug|Any CPU.Build.0 = Debug|Any CPU
		{69D07018-3D38-492D-9684-708B5B57F314}.Release|Any CPU.ActiveCfg = Release|Any CPU
		{69D07018-3D38-492D-9684-708B5B57F314}.Release|Any CPU.Build.0 = Release|Any CPU
	EndGlobalSection
	GlobalSection(SolutionProperties) = preSolution
		HideSolutionNode = FALSE
	EndGlobalSection
	GlobalSection(NestedProjects) = preSolution
		{8318A35F-B8D2-45DA-B8F0-C51A659047F3} = {192E4F31-CF32-404B-9ADE-9CD128A2E4AC}
		{F0E06A64-3E82-479C-9AF0-807348453A4E} = {F89CC7DD-BD6D-4AD6-99F0-6933833435E7}
		{090F137C-469A-4B92-B589-62302184FDEB} = {589DCE91-7314-4590-BF64-A5A2471A9FB4}
		{D0C8FA31-F202-4C8E-A052-4CBB858AF863} = {589DCE91-7314-4590-BF64-A5A2471A9FB4}
		{D35216B4-1702-41EB-8F2A-C3AB43853C8C} = {84BF8210-09B0-4900-8037-F20B45303E02}
		{805DBDDB-BFB8-4025-8F40-3D7B53B3472A} = {97913D81-3D5C-40ED-8769-294B7987E971}
		{69D07018-3D38-492D-9684-708B5B57F314} = {97913D81-3D5C-40ED-8769-294B7987E971}
	EndGlobalSection
	GlobalSection(ExtensibilityGlobals) = postSolution
		SolutionGuid = {3AFA651F-BC04-4393-B7B1-9B92532583D5}
	EndGlobalSection
EndGlobal
