
Microsoft Visual Studio Solution File, Format Version 12.00
# Visual Studio Version 16
VisualStudioVersion = 16.0.28803.452
MinimumVisualStudioVersion = 10.0.40219.1
Project("{FAE04EC0-301F-11D3-BF4B-00C04F79EFBC}") = "HeBianGu.Base.WpfBase", "..\..\Source\Base\HeBianGu.Base.WpfBase\HeBianGu.Base.WpfBase.csproj", "{435FEB82-599F-48E3-8891-755ACF8E4117}"
EndProject
Project("{2150E333-8FDC-42A3-9474-1A3956D46DE8}") = "3 - Base", "3 - Base", "{84BF8210-09B0-4900-8037-F20B45303E02}"
EndProject
Project("{2150E333-8FDC-42A3-9474-1A3956D46DE8}") = "1 - Application", "1 - Application", "{F89CC7DD-BD6D-4AD6-99F0-6933833435E7}"
EndProject
Project("{2150E333-8FDC-42A3-9474-1A3956D46DE8}") = "2 - General", "2 - General", "{589DCE91-7314-4590-BF64-A5A2471A9FB4}"
EndProject
Project("{FAE04EC0-301F-11D3-BF4B-00C04F79EFBC}") = "HeBianGu.General.WpfControlLib", "..\..\Source\General\HeBianGu.General.WpfControlLib\HeBianGu.General.WpfControlLib.csproj", "{B49DC15F-B43C-4306-ADF4-8FA6F5DF7F84}"
EndProject
Project("{FAE04EC0-301F-11D3-BF4B-00C04F79EFBC}") = "HeBianGu.Applications.ControlBase.Demo", "..\..\Source\Application\HeBianGu.Applications.ControlBase.Demo\HeBianGu.Applications.ControlBase.Demo.csproj", "{5A7105CE-C300-4F7E-8FF9-2CF47427193D}"
EndProject
Project("{FAE04EC0-301F-11D3-BF4B-00C04F79EFBC}") = "HeBianGu.Applications.ControlBase.NugetDemo", "..\..\Source\Application\HeBianGu.Applications.ControlBase.NugetDemo\HeBianGu.Applications.ControlBase.NugetDemo.csproj", "{45FA99D1-6DF8-4AE5-BF86-F31BFCCD54A8}"
EndProject
Project("{2150E333-8FDC-42A3-9474-1A3956D46DE8}") = "5 - NugetTest", "5 - NugetTest", "{87328125-F57F-411A-B553-259A8D9B3390}"
EndProject
Project("{FAE04EC0-301F-11D3-BF4B-00C04F79EFBC}") = "HeBianGu.Applications.ControlBase.LinkWindow", "..\..\Source\Application\HeBianGu.Applications.ControlBase.LinkWindow\HeBianGu.Applications.ControlBase.LinkWindow.csproj", "{1B7A8A73-0E05-40D8-81AA-793DF531B0BD}"
EndProject
Project("{2150E333-8FDC-42A3-9474-1A3956D46DE8}") = "6 - UnitTester", "6 - UnitTester", "{29D98969-A716-41B8-BFA3-277D6EB5E2CE}"
EndProject
Project("{FAE04EC0-301F-11D3-BF4B-00C04F79EFBC}") = "UnitTestProject1", "..\..\Source\UnitTester\UnitTestProject1\UnitTestProject1.csproj", "{C94509BD-54F9-4360-9B70-0687C34E9EE5}"
EndProject
Project("{FAE04EC0-301F-11D3-BF4B-00C04F79EFBC}") = "HeBianGu.General.WpfMvc", "..\..\Source\General\HeBianGu.General.WpfMvc\HeBianGu.General.WpfMvc.csproj", "{F49BE6F0-4F25-4B09-923E-27884B86895A}"
EndProject
Project("{FAE04EC0-301F-11D3-BF4B-00C04F79EFBC}") = "WpfApp1", "..\..\Source\UnitTester\WpfApp1\WpfApp1.csproj", "{E08A2291-F1B2-45C1-A8F0-A2AEB188E571}"
EndProject
Project("{2150E333-8FDC-42A3-9474-1A3956D46DE8}") = "4 -CommonBase", "4 -CommonBase", "{455E9A04-C984-42C7-92DC-980C459DB294}"
EndProject
Project("{FAE04EC0-301F-11D3-BF4B-00C04F79EFBC}") = "HeBianGu.Common.DataBase", "..\..\..\.NetFrameWork-CommonBase\Source\GeneralLayer\HeBianGu.Common.DataBase\HeBianGu.Common.DataBase.csproj", "{EC34B9C9-0959-415A-814F-EF411AADC5B9}"
EndProject
Project("{FAE04EC0-301F-11D3-BF4B-00C04F79EFBC}") = "HeBianGu.Common.PublicTool", "..\..\..\.NetFrameWork-CommonBase\Source\GeneralLayer\HeBianGu.Common.PublicTool\HeBianGu.Common.PublicTool.csproj", "{2EBEEB6C-4199-4CA3-9866-2B1AF856D4B4}"
EndProject
Project("{FAE04EC0-301F-11D3-BF4B-00C04F79EFBC}") = "HeBianGu.Common.LocalConfig", "..\..\..\.NetFrameWork-CommonBase\Source\GeneralLayer\HeBianGu.Common.LocalConfig\HeBianGu.Common.LocalConfig.csproj", "{CB6825B5-794B-4783-8BC8-5B298B9E8E6D}"
EndProject
Global
	GlobalSection(SolutionConfigurationPlatforms) = preSolution
		Debug|Any CPU = Debug|Any CPU
		Release|Any CPU = Release|Any CPU
	EndGlobalSection
	GlobalSection(ProjectConfigurationPlatforms) = postSolution
		{435FEB82-599F-48E3-8891-755ACF8E4117}.Debug|Any CPU.ActiveCfg = Debug|Any CPU
		{435FEB82-599F-48E3-8891-755ACF8E4117}.Debug|Any CPU.Build.0 = Debug|Any CPU
		{435FEB82-599F-48E3-8891-755ACF8E4117}.Release|Any CPU.ActiveCfg = Release|Any CPU
		{435FEB82-599F-48E3-8891-755ACF8E4117}.Release|Any CPU.Build.0 = Release|Any CPU
		{B49DC15F-B43C-4306-ADF4-8FA6F5DF7F84}.Debug|Any CPU.ActiveCfg = Debug|Any CPU
		{B49DC15F-B43C-4306-ADF4-8FA6F5DF7F84}.Debug|Any CPU.Build.0 = Debug|Any CPU
		{B49DC15F-B43C-4306-ADF4-8FA6F5DF7F84}.Release|Any CPU.ActiveCfg = Release|Any CPU
		{B49DC15F-B43C-4306-ADF4-8FA6F5DF7F84}.Release|Any CPU.Build.0 = Release|Any CPU
		{5A7105CE-C300-4F7E-8FF9-2CF47427193D}.Debug|Any CPU.ActiveCfg = Debug|Any CPU
		{5A7105CE-C300-4F7E-8FF9-2CF47427193D}.Debug|Any CPU.Build.0 = Debug|Any CPU
		{5A7105CE-C300-4F7E-8FF9-2CF47427193D}.Release|Any CPU.ActiveCfg = Release|Any CPU
		{5A7105CE-C300-4F7E-8FF9-2CF47427193D}.Release|Any CPU.Build.0 = Release|Any CPU
		{45FA99D1-6DF8-4AE5-BF86-F31BFCCD54A8}.Debug|Any CPU.ActiveCfg = Debug|Any CPU
		{45FA99D1-6DF8-4AE5-BF86-F31BFCCD54A8}.Debug|Any CPU.Build.0 = Debug|Any CPU
		{45FA99D1-6DF8-4AE5-BF86-F31BFCCD54A8}.Release|Any CPU.ActiveCfg = Release|Any CPU
		{45FA99D1-6DF8-4AE5-BF86-F31BFCCD54A8}.Release|Any CPU.Build.0 = Release|Any CPU
		{1B7A8A73-0E05-40D8-81AA-793DF531B0BD}.Debug|Any CPU.ActiveCfg = Debug|Any CPU
		{1B7A8A73-0E05-40D8-81AA-793DF531B0BD}.Debug|Any CPU.Build.0 = Debug|Any CPU
		{1B7A8A73-0E05-40D8-81AA-793DF531B0BD}.Release|Any CPU.ActiveCfg = Release|Any CPU
		{1B7A8A73-0E05-40D8-81AA-793DF531B0BD}.Release|Any CPU.Build.0 = Release|Any CPU
		{C94509BD-54F9-4360-9B70-0687C34E9EE5}.Debug|Any CPU.ActiveCfg = Debug|Any CPU
		{C94509BD-54F9-4360-9B70-0687C34E9EE5}.Debug|Any CPU.Build.0 = Debug|Any CPU
		{C94509BD-54F9-4360-9B70-0687C34E9EE5}.Release|Any CPU.ActiveCfg = Release|Any CPU
		{C94509BD-54F9-4360-9B70-0687C34E9EE5}.Release|Any CPU.Build.0 = Release|Any CPU
		{F49BE6F0-4F25-4B09-923E-27884B86895A}.Debug|Any CPU.ActiveCfg = Debug|Any CPU
		{F49BE6F0-4F25-4B09-923E-27884B86895A}.Debug|Any CPU.Build.0 = Debug|Any CPU
		{F49BE6F0-4F25-4B09-923E-27884B86895A}.Release|Any CPU.ActiveCfg = Release|Any CPU
		{F49BE6F0-4F25-4B09-923E-27884B86895A}.Release|Any CPU.Build.0 = Release|Any CPU
		{E08A2291-F1B2-45C1-A8F0-A2AEB188E571}.Debug|Any CPU.ActiveCfg = Debug|Any CPU
		{E08A2291-F1B2-45C1-A8F0-A2AEB188E571}.Debug|Any CPU.Build.0 = Debug|Any CPU
		{E08A2291-F1B2-45C1-A8F0-A2AEB188E571}.Release|Any CPU.ActiveCfg = Release|Any CPU
		{E08A2291-F1B2-45C1-A8F0-A2AEB188E571}.Release|Any CPU.Build.0 = Release|Any CPU
		{EC34B9C9-0959-415A-814F-EF411AADC5B9}.Debug|Any CPU.ActiveCfg = Debug|Any CPU
		{EC34B9C9-0959-415A-814F-EF411AADC5B9}.Debug|Any CPU.Build.0 = Debug|Any CPU
		{EC34B9C9-0959-415A-814F-EF411AADC5B9}.Release|Any CPU.ActiveCfg = Release|Any CPU
		{EC34B9C9-0959-415A-814F-EF411AADC5B9}.Release|Any CPU.Build.0 = Release|Any CPU
		{2EBEEB6C-4199-4CA3-9866-2B1AF856D4B4}.Debug|Any CPU.ActiveCfg = Debug|Any CPU
		{2EBEEB6C-4199-4CA3-9866-2B1AF856D4B4}.Debug|Any CPU.Build.0 = Debug|Any CPU
		{2EBEEB6C-4199-4CA3-9866-2B1AF856D4B4}.Release|Any CPU.ActiveCfg = Release|Any CPU
		{2EBEEB6C-4199-4CA3-9866-2B1AF856D4B4}.Release|Any CPU.Build.0 = Release|Any CPU
		{CB6825B5-794B-4783-8BC8-5B298B9E8E6D}.Debug|Any CPU.ActiveCfg = Debug|Any CPU
		{CB6825B5-794B-4783-8BC8-5B298B9E8E6D}.Debug|Any CPU.Build.0 = Debug|Any CPU
		{CB6825B5-794B-4783-8BC8-5B298B9E8E6D}.Release|Any CPU.ActiveCfg = Release|Any CPU
		{CB6825B5-794B-4783-8BC8-5B298B9E8E6D}.Release|Any CPU.Build.0 = Release|Any CPU
	EndGlobalSection
	GlobalSection(SolutionProperties) = preSolution
		HideSolutionNode = FALSE
	EndGlobalSection
	GlobalSection(NestedProjects) = preSolution
		{435FEB82-599F-48E3-8891-755ACF8E4117} = {84BF8210-09B0-4900-8037-F20B45303E02}
		{B49DC15F-B43C-4306-ADF4-8FA6F5DF7F84} = {589DCE91-7314-4590-BF64-A5A2471A9FB4}
		{5A7105CE-C300-4F7E-8FF9-2CF47427193D} = {F89CC7DD-BD6D-4AD6-99F0-6933833435E7}
		{45FA99D1-6DF8-4AE5-BF86-F31BFCCD54A8} = {87328125-F57F-411A-B553-259A8D9B3390}
		{1B7A8A73-0E05-40D8-81AA-793DF531B0BD} = {F89CC7DD-BD6D-4AD6-99F0-6933833435E7}
		{C94509BD-54F9-4360-9B70-0687C34E9EE5} = {29D98969-A716-41B8-BFA3-277D6EB5E2CE}
		{F49BE6F0-4F25-4B09-923E-27884B86895A} = {589DCE91-7314-4590-BF64-A5A2471A9FB4}
		{E08A2291-F1B2-45C1-A8F0-A2AEB188E571} = {29D98969-A716-41B8-BFA3-277D6EB5E2CE}
		{EC34B9C9-0959-415A-814F-EF411AADC5B9} = {455E9A04-C984-42C7-92DC-980C459DB294}
		{2EBEEB6C-4199-4CA3-9866-2B1AF856D4B4} = {455E9A04-C984-42C7-92DC-980C459DB294}
		{CB6825B5-794B-4783-8BC8-5B298B9E8E6D} = {455E9A04-C984-42C7-92DC-980C459DB294}
	EndGlobalSection
	GlobalSection(ExtensibilityGlobals) = postSolution
		SolutionGuid = {3AFA651F-BC04-4393-B7B1-9B92532583D5}
	EndGlobalSection
EndGlobal
