
Microsoft Visual Studio Solution File, Format Version 12.00
# Visual Studio Version 16
VisualStudioVersion = 16.0.29324.140
MinimumVisualStudioVersion = 10.0.40219.1
Project("{FAE04EC0-301F-11D3-BF4B-00C04F79EFBC}") = "HeBianGu.Base.WpfBase", "..\..\Source\Base\HeBianGu.Base.WpfBase\HeBianGu.Base.WpfBase.csproj", "{435FEB82-599F-48E3-8891-755ACF8E4117}"
EndProject
Project("{2150E333-8FDC-42A3-9474-1A3956D46DE8}") = "3 - Base", "3 - Base", "{84BF8210-09B0-4900-8037-F20B45303E02}"
EndProject
Project("{2150E333-8FDC-42A3-9474-1A3956D46DE8}") = "1 - Application", "1 - Application", "{F89CC7DD-BD6D-4AD6-99F0-6933833435E7}"
EndProject
Project("{2150E333-8FDC-42A3-9474-1A3956D46DE8}") = "2 - General", "2 - General", "{589DCE91-7314-4590-BF64-A5A2471A9FB4}"
EndProject
Project("{FAE04EC0-301F-11D3-BF4B-00C04F79EFBC}") = "HeBianGu.General.WpfControlLib", "..\..\Source\General\HeBianGu.General.WpfControlLib\HeBianGu.General.WpfControlLib.csproj", "{B49DC15F-B43C-4306-ADF4-8FA6F5DF7F84}"
EndProject
Project("{FAE04EC0-301F-11D3-BF4B-00C04F79EFBC}") = "HeBianGu.Applications.ControlBase.LinkWindow", "..\..\Source\Application\HeBianGu.Applications.ControlBase.LinkWindow\HeBianGu.Applications.ControlBase.LinkWindow.csproj", "{1B7A8A73-0E05-40D8-81AA-793DF531B0BD}"
EndProject
Project("{FAE04EC0-301F-11D3-BF4B-00C04F79EFBC}") = "HeBianGu.General.WpfMvc", "..\..\Source\General\HeBianGu.General.WpfMvc\HeBianGu.General.WpfMvc.csproj", "{F49BE6F0-4F25-4B09-923E-27884B86895A}"
EndProject
Project("{D954291E-2A0B-460D-934E-DC6B0785DB48}") = "HeBianGu.Application.ControlBase.Share", "..\..\Source\Application\HeBianGu.Application.ControlBase.Share\HeBianGu.Application.ControlBase.Share.shproj", "{B3537D10-28E3-4B59-9402-D7E33EE259D1}"
EndProject
Project("{FAE04EC0-301F-11D3-BF4B-00C04F79EFBC}") = "HeBianGu.Applications.ControlBase.Demo", "..\..\Source\Application\HeBianGu.Applications.ControlBase.Demo\HeBianGu.Applications.ControlBase.Demo.csproj", "{5A7105CE-C300-4F7E-8FF9-2CF47427193D}"
EndProject
Global
	GlobalSection(SharedMSBuildProjectFiles) = preSolution
		..\..\Source\Application\HeBianGu.Application.ControlBase.Share\HeBianGu.Application.ControlBase.Share.projitems*{1b7a8a73-0e05-40d8-81aa-793df531b0bd}*SharedItemsImports = 4
		..\..\Source\Application\HeBianGu.Application.ControlBase.Share\HeBianGu.Application.ControlBase.Share.projitems*{b3537d10-28e3-4b59-9402-d7e33ee259d1}*SharedItemsImports = 13
	EndGlobalSection
	GlobalSection(SolutionConfigurationPlatforms) = preSolution
		Debug|Any CPU = Debug|Any CPU
		Release|Any CPU = Release|Any CPU
	EndGlobalSection
	GlobalSection(ProjectConfigurationPlatforms) = postSolution
		{435FEB82-599F-48E3-8891-755ACF8E4117}.Debug|Any CPU.ActiveCfg = Debug|Any CPU
		{435FEB82-599F-48E3-8891-755ACF8E4117}.Debug|Any CPU.Build.0 = Debug|Any CPU
		{435FEB82-599F-48E3-8891-755ACF8E4117}.Release|Any CPU.ActiveCfg = Release|Any CPU
		{435FEB82-599F-48E3-8891-755ACF8E4117}.Release|Any CPU.Build.0 = Release|Any CPU
		{B49DC15F-B43C-4306-ADF4-8FA6F5DF7F84}.Debug|Any CPU.ActiveCfg = Debug|Any CPU
		{B49DC15F-B43C-4306-ADF4-8FA6F5DF7F84}.Debug|Any CPU.Build.0 = Debug|Any CPU
		{B49DC15F-B43C-4306-ADF4-8FA6F5DF7F84}.Release|Any CPU.ActiveCfg = Release|Any CPU
		{B49DC15F-B43C-4306-ADF4-8FA6F5DF7F84}.Release|Any CPU.Build.0 = Release|Any CPU
		{1B7A8A73-0E05-40D8-81AA-793DF531B0BD}.Debug|Any CPU.ActiveCfg = Debug|Any CPU
		{1B7A8A73-0E05-40D8-81AA-793DF531B0BD}.Debug|Any CPU.Build.0 = Debug|Any CPU
		{1B7A8A73-0E05-40D8-81AA-793DF531B0BD}.Release|Any CPU.ActiveCfg = Release|Any CPU
		{1B7A8A73-0E05-40D8-81AA-793DF531B0BD}.Release|Any CPU.Build.0 = Release|Any CPU
		{F49BE6F0-4F25-4B09-923E-27884B86895A}.Debug|Any CPU.ActiveCfg = Debug|Any CPU
		{F49BE6F0-4F25-4B09-923E-27884B86895A}.Debug|Any CPU.Build.0 = Debug|Any CPU
		{F49BE6F0-4F25-4B09-923E-27884B86895A}.Release|Any CPU.ActiveCfg = Release|Any CPU
		{F49BE6F0-4F25-4B09-923E-27884B86895A}.Release|Any CPU.Build.0 = Release|Any CPU
		{5A7105CE-C300-4F7E-8FF9-2CF47427193D}.Debug|Any CPU.ActiveCfg = Debug|Any CPU
		{5A7105CE-C300-4F7E-8FF9-2CF47427193D}.Debug|Any CPU.Build.0 = Debug|Any CPU
		{5A7105CE-C300-4F7E-8FF9-2CF47427193D}.Release|Any CPU.ActiveCfg = Release|Any CPU
		{5A7105CE-C300-4F7E-8FF9-2CF47427193D}.Release|Any CPU.Build.0 = Release|Any CPU
	EndGlobalSection
	GlobalSection(SolutionProperties) = preSolution
		HideSolutionNode = FALSE
	EndGlobalSection
	GlobalSection(NestedProjects) = preSolution
		{435FEB82-599F-48E3-8891-755ACF8E4117} = {84BF8210-09B0-4900-8037-F20B45303E02}
		{B49DC15F-B43C-4306-ADF4-8FA6F5DF7F84} = {589DCE91-7314-4590-BF64-A5A2471A9FB4}
		{1B7A8A73-0E05-40D8-81AA-793DF531B0BD} = {F89CC7DD-BD6D-4AD6-99F0-6933833435E7}
		{F49BE6F0-4F25-4B09-923E-27884B86895A} = {589DCE91-7314-4590-BF64-A5A2471A9FB4}
		{B3537D10-28E3-4B59-9402-D7E33EE259D1} = {F89CC7DD-BD6D-4AD6-99F0-6933833435E7}
		{5A7105CE-C300-4F7E-8FF9-2CF47427193D} = {F89CC7DD-BD6D-4AD6-99F0-6933833435E7}
	EndGlobalSection
	GlobalSection(ExtensibilityGlobals) = postSolution
		SolutionGuid = {3AFA651F-BC04-4393-B7B1-9B92532583D5}
	EndGlobalSection
EndGlobal
