
Microsoft Visual Studio Solution File, Format Version 12.00
# Visual Studio Version 16
VisualStudioVersion = 16.0.31702.278
MinimumVisualStudioVersion = 10.0.40219.1
Project("{9A19103F-16F7-4668-BE54-9A1E7A4F7556}") = "HeBianGu.Common.Expression", "HeBianGu.Common.Expression.csproj", "{C2685BEA-80C6-40C6-A8AB-93C657C3E961}"
EndProject
Project("{FAE04EC0-301F-11D3-BF4B-00C04F79EFBC}") = "HeBianGu.Common.Expression.UnitTest", "..\HeBianGu.Common.Expression.UnitTest\HeBianGu.Common.Expression.UnitTest.csproj", "{DE608551-7688-44BE-B4AD-6B2A10F450A0}"
EndProject
Global
	GlobalSection(SolutionConfigurationPlatforms) = preSolution
		Debug|Any CPU = Debug|Any CPU
		Release|Any CPU = Release|Any CPU
	EndGlobalSection
	GlobalSection(ProjectConfigurationPlatforms) = postSolution
		{C2685BEA-80C6-40C6-A8AB-93C657C3E961}.Debug|Any CPU.ActiveCfg = Debug|Any CPU
		{C2685BEA-80C6-40C6-A8AB-93C657C3E961}.Debug|Any CPU.Build.0 = Debug|Any CPU
		{C2685BEA-80C6-40C6-A8AB-93C657C3E961}.Release|Any CPU.ActiveCfg = Release|Any CPU
		{C2685BEA-80C6-40C6-A8AB-93C657C3E961}.Release|Any CPU.Build.0 = Release|Any CPU
		{DE608551-7688-44BE-B4AD-6B2A10F450A0}.Debug|Any CPU.ActiveCfg = Debug|Any CPU
		{DE608551-7688-44BE-B4AD-6B2A10F450A0}.Debug|Any CPU.Build.0 = Debug|Any CPU
		{DE608551-7688-44BE-B4AD-6B2A10F450A0}.Release|Any CPU.ActiveCfg = Release|Any CPU
		{DE608551-7688-44BE-B4AD-6B2A10F450A0}.Release|Any CPU.Build.0 = Release|Any CPU
	EndGlobalSection
	GlobalSection(SolutionProperties) = preSolution
		HideSolutionNode = FALSE
	EndGlobalSection
	GlobalSection(ExtensibilityGlobals) = postSolution
		SolutionGuid = {4136E61B-D970-4B97-8C19-7112ECBEFD30}
	EndGlobalSection
EndGlobal
